// !$*UTF8*$!
{
	archiveVersion = 1;
	classes = {
	};
	objectVersion = 46;
	objects = {

/* Begin PBXBuildFile section */
		8B8936151B592D0300DAD33A /* main.m in Sources */ = {isa = PBXBuildFile; fileRef = 8B8936141B592D0300DAD33A /* main.m */; };
		8B8936181B592D0300DAD33A /* AppDelegate.m in Sources */ = {isa = PBXBuildFile; fileRef = 8B8936171B592D0300DAD33A /* AppDelegate.m */; };
		8B89361E1B592D0300DAD33A /* Main.storyboard in Resources */ = {isa = PBXBuildFile; fileRef = 8B89361C1B592D0300DAD33A /* Main.storyboard */; };
		8B8936201B592D0300DAD33A /* Images.xcassets in Resources */ = {isa = PBXBuildFile; fileRef = 8B89361F1B592D0300DAD33A /* Images.xcassets */; };
		8B8936231B592D0300DAD33A /* LaunchScreen.xib in Resources */ = {isa = PBXBuildFile; fileRef = 8B8936211B592D0300DAD33A /* LaunchScreen.xib */; };
		8B89362F1B592D0300DAD33A /* ObjectiveStopwatchTests.m in Sources */ = {isa = PBXBuildFile; fileRef = 8B89362E1B592D0300DAD33A /* ObjectiveStopwatchTests.m */; };
		8B89363A1B59302600DAD33A /* StopwatchViewController.m in Sources */ = {isa = PBXBuildFile; fileRef = 8B8936391B59302600DAD33A /* StopwatchViewController.m */; };
		8B89363D1B5930BA00DAD33A /* MyStopwatch.m in Sources */ = {isa = PBXBuildFile; fileRef = 8B89363C1B5930BA00DAD33A /* MyStopwatch.m */; };
/* End PBXBuildFile section */

/* Begin PBXContainerItemProxy section */
		8B8936291B592D0300DAD33A /* PBXContainerItemProxy */ = {
			isa = PBXContainerItemProxy;
			containerPortal = 8B8936071B592D0300DAD33A /* Project object */;
			proxyType = 1;
			remoteGlobalIDString = 8B89360E1B592D0300DAD33A;
			remoteInfo = ObjectiveStopwatch;
		};
/* End PBXContainerItemProxy section */

/* Begin PBXFileReference section */
		8B89360F1B592D0300DAD33A /* ObjectiveStopwatch.app */ = {isa = PBXFileReference; explicitFileType = wrapper.application; includeInIndex = 0; path = ObjectiveStopwatch.app; sourceTree = BUILT_PRODUCTS_DIR; };
		8B8936131B592D0300DAD33A /* Info.plist */ = {isa = PBXFileReference; lastKnownFileType = text.plist.xml; path = Info.plist; sourceTree = "<group>"; };
		8B8936141B592D0300DAD33A /* main.m */ = {isa = PBXFileReference; lastKnownFileType = sourcecode.c.objc; path = main.m; sourceTree = "<group>"; };
		8B8936161B592D0300DAD33A /* AppDelegate.h */ = {isa = PBXFileReference; lastKnownFileType = sourcecode.c.h; path = AppDelegate.h; sourceTree = "<group>"; };
		8B8936171B592D0300DAD33A /* AppDelegate.m */ = {isa = PBXFileReference; lastKnownFileType = sourcecode.c.objc; path = AppDelegate.m; sourceTree = "<group>"; };
		8B89361D1B592D0300DAD33A /* Base */ = {isa = PBXFileReference; lastKnownFileType = file.storyboard; name = Base; path = Base.lproj/Main.storyboard; sourceTree = "<group>"; };
		8B89361F1B592D0300DAD33A /* Images.xcassets */ = {isa = PBXFileReference; lastKnownFileType = folder.assetcatalog; path = Images.xcassets; sourceTree = "<group>"; };
		8B8936221B592D0300DAD33A /* Base */ = {isa = PBXFileReference; lastKnownFileType = file.xib; name = Base; path = Base.lproj/LaunchScreen.xib; sourceTree = "<group>"; };
		8B8936281B592D0300DAD33A /* ObjectiveStopwatchTests.xctest */ = {isa = PBXFileReference; explicitFileType = wrapper.cfbundle; includeInIndex = 0; path = ObjectiveStopwatchTests.xctest; sourceTree = BUILT_PRODUCTS_DIR; };
		8B89362D1B592D0300DAD33A /* Info.plist */ = {isa = PBXFileReference; lastKnownFileType = text.plist.xml; path = Info.plist; sourceTree = "<group>"; };
		8B89362E1B592D0300DAD33A /* ObjectiveStopwatchTests.m */ = {isa = PBXFileReference; lastKnownFileType = sourcecode.c.objc; path = ObjectiveStopwatchTests.m; sourceTree = "<group>"; };
		8B8936381B59302600DAD33A /* StopwatchViewController.h */ = {isa = PBXFileReference; fileEncoding = 4; lastKnownFileType = sourcecode.c.h; path = StopwatchViewController.h; sourceTree = "<group>"; };
		8B8936391B59302600DAD33A /* StopwatchViewController.m */ = {isa = PBXFileReference; fileEncoding = 4; lastKnownFileType = sourcecode.c.objc; path = StopwatchViewController.m; sourceTree = "<group>"; };
		8B89363B1B5930BA00DAD33A /* MyStopwatch.h */ = {isa = PBXFileReference; fileEncoding = 4; lastKnownFileType = sourcecode.c.h; path = MyStopwatch.h; sourceTree = "<group>"; };
		8B89363C1B5930BA00DAD33A /* MyStopwatch.m */ = {isa = PBXFileReference; fileEncoding = 4; lastKnownFileType = sourcecode.c.objc; path = MyStopwatch.m; sourceTree = "<group>"; };
/* End PBXFileReference section */

/* Begin PBXFrameworksBuildPhase section */
		8B89360C1B592D0300DAD33A /* Frameworks */ = {
			isa = PBXFrameworksBuildPhase;
			buildActionMask = 2147483647;
			files = (
			);
			runOnlyForDeploymentPostprocessing = 0;
		};
		8B8936251B592D0300DAD33A /* Frameworks */ = {
			isa = PBXFrameworksBuildPhase;
			buildActionMask = 2147483647;
			files = (
			);
			runOnlyForDeploymentPostprocessing = 0;
		};
/* End PBXFrameworksBuildPhase section */

/* Begin PBXGroup section */
		8B8936061B592D0300DAD33A = {
			isa = PBXGroup;
			children = (
				8B8936111B592D0300DAD33A /* ObjectiveStopwatch */,
				8B89362B1B592D0300DAD33A /* ObjectiveStopwatchTests */,
				8B8936101B592D0300DAD33A /* Products */,
			);
			sourceTree = "<group>";
		};
		8B8936101B592D0300DAD33A /* Products */ = {
			isa = PBXGroup;
			children = (
				8B89360F1B592D0300DAD33A /* ObjectiveStopwatch.app */,
				8B8936281B592D0300DAD33A /* ObjectiveStopwatchTests.xctest */,
			);
			name = Products;
			sourceTree = "<group>";
		};
		8B8936111B592D0300DAD33A /* ObjectiveStopwatch */ = {
			isa = PBXGroup;
			children = (
				8B8936161B592D0300DAD33A /* AppDelegate.h */,
				8B8936171B592D0300DAD33A /* AppDelegate.m */,
				8B8936381B59302600DAD33A /* StopwatchViewController.h */,
				8B8936391B59302600DAD33A /* StopwatchViewController.m */,
				8B89363B1B5930BA00DAD33A /* MyStopwatch.h */,
				8B89363C1B5930BA00DAD33A /* MyStopwatch.m */,
				8B89361C1B592D0300DAD33A /* Main.storyboard */,
				8B89361F1B592D0300DAD33A /* Images.xcassets */,
				8B8936211B592D0300DAD33A /* LaunchScreen.xib */,
				8B8936121B592D0300DAD33A /* Supporting Files */,
			);
			path = ObjectiveStopwatch;
			sourceTree = "<group>";
		};
		8B8936121B592D0300DAD33A /* Supporting Files */ = {
			isa = PBXGroup;
			children = (
				8B8936131B592D0300DAD33A /* Info.plist */,
				8B8936141B592D0300DAD33A /* main.m */,
			);
			name = "Supporting Files";
			sourceTree = "<group>";
		};
		8B89362B1B592D0300DAD33A /* ObjectiveStopwatchTests */ = {
			isa = PBXGroup;
			children = (
				8B89362E1B592D0300DAD33A /* ObjectiveStopwatchTests.m */,
				8B89362C1B592D0300DAD33A /* Supporting Files */,
			);
			path = ObjectiveStopwatchTests;
			sourceTree = "<group>";
		};
		8B89362C1B592D0300DAD33A /* Supporting Files */ = {
			isa = PBXGroup;
			children = (
				8B89362D1B592D0300DAD33A /* Info.plist */,
			);
			name = "Supporting Files";
			sourceTree = "<group>";
		};
/* End PBXGroup section */

/* Begin PBXNativeTarget section */
		8B89360E1B592D0300DAD33A /* ObjectiveStopwatch */ = {
			isa = PBXNativeTarget;
			buildConfigurationList = 8B8936321B592D0300DAD33A /* Build configuration list for PBXNativeTarget "ObjectiveStopwatch" */;
			buildPhases = (
				8B89360B1B592D0300DAD33A /* Sources */,
				8B89360C1B592D0300DAD33A /* Frameworks */,
				8B89360D1B592D0300DAD33A /* Resources */,
			);
			buildRules = (
			);
			dependencies = (
			);
			name = ObjectiveStopwatch;
			productName = ObjectiveStopwatch;
			productReference = 8B89360F1B592D0300DAD33A /* ObjectiveStopwatch.app */;
			productType = "com.apple.product-type.application";
		};
		8B8936271B592D0300DAD33A /* ObjectiveStopwatchTests */ = {
			isa = PBXNativeTarget;
			buildConfigurationList = 8B8936351B592D0300DAD33A /* Build configuration list for PBXNativeTarget "ObjectiveStopwatchTests" */;
			buildPhases = (
				8B8936241B592D0300DAD33A /* Sources */,
				8B8936251B592D0300DAD33A /* Frameworks */,
				8B8936261B592D0300DAD33A /* Resources */,
			);
			buildRules = (
			);
			dependencies = (
				8B89362A1B592D0300DAD33A /* PBXTargetDependency */,
			);
			name = ObjectiveStopwatchTests;
			productName = ObjectiveStopwatchTests;
			productReference = 8B8936281B592D0300DAD33A /* ObjectiveStopwatchTests.xctest */;
			productType = "com.apple.product-type.bundle.unit-test";
		};
/* End PBXNativeTarget section */

/* Begin PBXProject section */
		8B8936071B592D0300DAD33A /* Project object */ = {
			isa = PBXProject;
			attributes = {
				LastUpgradeCheck = 0640;
				ORGANIZATIONNAME = "The Iron Yard";
				TargetAttributes = {
					8B89360E1B592D0300DAD33A = {
						CreatedOnToolsVersion = 6.4;
					};
					8B8936271B592D0300DAD33A = {
						CreatedOnToolsVersion = 6.4;
						TestTargetID = 8B89360E1B592D0300DAD33A;
					};
				};
			};
			buildConfigurationList = 8B89360A1B592D0300DAD33A /* Build configuration list for PBXProject "ObjectiveStopwatch" */;
			compatibilityVersion = "Xcode 3.2";
			developmentRegion = English;
			hasScannedForEncodings = 0;
			knownRegions = (
				en,
				Base,
			);
			mainGroup = 8B8936061B592D0300DAD33A;
			productRefGroup = 8B8936101B592D0300DAD33A /* Products */;
			projectDirPath = "";
			projectRoot = "";
			targets = (
				8B89360E1B592D0300DAD33A /* ObjectiveStopwatch */,
				8B8936271B592D0300DAD33A /* ObjectiveStopwatchTests */,
			);
		};
/* End PBXProject section */

/* Begin PBXResourcesBuildPhase section */
		8B89360D1B592D0300DAD33A /* Resources */ = {
			isa = PBXResourcesBuildPhase;
			buildActionMask = 2147483647;
			files = (
				8B89361E1B592D0300DAD33A /* Main.storyboard in Resources */,
				8B8936231B592D0300DAD33A /* LaunchScreen.xib in Resources */,
				8B8936201B592D0300DAD33A /* Images.xcassets in Resources */,
			);
			runOnlyForDeploymentPostprocessing = 0;
		};
		8B8936261B592D0300DAD33A /* Resources */ = {
			isa = PBXResourcesBuildPhase;
			buildActionMask = 2147483647;
			files = (
			);
			runOnlyForDeploymentPostprocessing = 0;
		};
/* End PBXResourcesBuildPhase section */

/* Begin PBXSourcesBuildPhase section */
		8B89360B1B592D0300DAD33A /* Sources */ = {
			isa = PBXSourcesBuildPhase;
			buildActionMask = 2147483647;
			files = (
				8B8936181B592D0300DAD33A /* AppDelegate.m in Sources */,
				8B8936151B592D0300DAD33A /* main.m in Sources */,
				8B89363A1B59302600DAD33A /* StopwatchViewController.m in Sources */,
				8B89363D1B5930BA00DAD33A /* MyStopwatch.m in Sources */,
			);
			runOnlyForDeploymentPostprocessing = 0;
		};
		8B8936241B592D0300DAD33A /* Sources */ = {
			isa = PBXSourcesBuildPhase;
			buildActionMask = 2147483647;
			files = (
				8B89362F1B592D0300DAD33A /* ObjectiveStopwatchTests.m in Sources */,
			);
			runOnlyForDeploymentPostprocessing = 0;
		};
/* End PBXSourcesBuildPhase section */

/* Begin PBXTargetDependency section */
		8B89362A1B592D0300DAD33A /* PBXTargetDependency */ = {
			isa = PBXTargetDependency;
			target = 8B89360E1B592D0300DAD33A /* ObjectiveStopwatch */;
			targetProxy = 8B8936291B592D0300DAD33A /* PBXContainerItemProxy */;
		};
/* End PBXTargetDependency section */

/* Begin PBXVariantGroup section */
		8B89361C1B592D0300DAD33A /* Main.storyboard */ = {
			isa = PBXVariantGroup;
			children = (
				8B89361D1B592D0300DAD33A /* Base */,
			);
			name = Main.storyboard;
			sourceTree = "<group>";
		};
		8B8936211B592D0300DAD33A /* LaunchScreen.xib */ = {
			isa = PBXVariantGroup;
			children = (
				8B8936221B592D0300DAD33A /* Base */,
			);
			name = LaunchScreen.xib;
			sourceTree = "<group>";
		};
/* End PBXVariantGroup section */

/* Begin XCBuildConfiguration section */
		8B8936301B592D0300DAD33A /* Debug */ = {
			isa = XCBuildConfiguration;
			buildSettings = {
				ALWAYS_SEARCH_USER_PATHS = NO;
				CLANG_CXX_LANGUAGE_STANDARD = "gnu++0x";
				CLANG_CXX_LIBRARY = "libc++";
				CLANG_ENABLE_MODULES = YES;
				CLANG_ENABLE_OBJC_ARC = YES;
				CLANG_WARN_BOOL_CONVERSION = YES;
				CLANG_WARN_CONSTANT_CONVERSION = YES;
				CLANG_WARN_DIRECT_OBJC_ISA_USAGE = YES_ERROR;
				CLANG_WARN_EMPTY_BODY = YES;
				CLANG_WARN_ENUM_CONVERSION = YES;
				CLANG_WARN_INT_CONVERSION = YES;
				CLANG_WARN_OBJC_ROOT_CLASS = YES_ERROR;
				CLANG_WARN_UNREACHABLE_CODE = YES;
				CLANG_WARN__DUPLICATE_METHOD_MATCH = YES;
				"CODE_SIGN_IDENTITY[sdk=iphoneos*]" = "iPhone Developer";
				COPY_PHASE_STRIP = NO;
				DEBUG_INFORMATION_FORMAT = "dwarf-with-dsym";
				ENABLE_STRICT_OBJC_MSGSEND = YES;
				GCC_C_LANGUAGE_STANDARD = gnu99;
				GCC_DYNAMIC_NO_PIC = NO;
				GCC_NO_COMMON_BLOCKS = YES;
				GCC_OPTIMIZATION_LEVEL = 0;
				GCC_PREPROCESSOR_DEFINITIONS = (
					"DEBUG=1",
					"$(inherited)",
				);
				GCC_SYMBOLS_PRIVATE_EXTERN = NO;
				GCC_WARN_64_TO_32_BIT_CONVERSION = YES;
				GCC_WARN_ABOUT_RETURN_TYPE = YES_ERROR;
				GCC_WARN_UNDECLARED_SELECTOR = YES;
				GCC_WARN_UNINITIALIZED_AUTOS = YES_AGGRESSIVE;
				GCC_WARN_UNUSED_FUNCTION = YES;
				GCC_WARN_UNUSED_VARIABLE = YES;
				IPHONEOS_DEPLOYMENT_TARGET = 8.4;
				MTL_ENABLE_DEBUG_INFO = YES;
				ONLY_ACTIVE_ARCH = YES;
				SDKROOT = iphoneos;
			};
			name = Debug;
		};
		8B8936311B592D0300DAD33A /* Release */ = {
			isa = XCBuildConfiguration;
			buildSettings = {
				ALWAYS_SEARCH_USER_PATHS = NO;
				CLANG_CXX_LANGUAGE_STANDARD = "gnu++0x";
				CLANG_CXX_LIBRARY = "libc++";
				CLANG_ENABLE_MODULES = YES;
				CLANG_ENABLE_OBJC_ARC = YES;
				CLANG_WARN_BOOL_CONVERSION = YES;
				CLANG_WARN_CONSTANT_CONVERSION = YES;
				CLANG_WARN_DIRECT_OBJC_ISA_USAGE = YES_ERROR;
				CLANG_WARN_EMPTY_BODY = YES;
				CLANG_WARN_ENUM_CONVERSION = YES;
				CLANG_WARN_INT_CONVERSION = YES;
				CLANG_WARN_OBJC_ROOT_CLASS = YES_ERROR;
				CLANG_WARN_UNREACHABLE_CODE = YES;
				CLANG_WARN__DUPLICATE_METHOD_MATCH = YES;
				"CODE_SIGN_IDENTITY[sdk=iphoneos*]" = "iPhone Developer";
				COPY_PHASE_STRIP = NO;
				DEBUG_INFORMATION_FORMAT = "dwarf-with-dsym";
				ENABLE_NS_ASSERTIONS = NO;
				ENABLE_STRICT_OBJC_MSGSEND = YES;
				GCC_C_LANGUAGE_STANDARD = gnu99;
				GCC_NO_COMMON_BLOCKS = YES;
				GCC_WARN_64_TO_32_BIT_CONVERSION = YES;
				GCC_WARN_ABOUT_RETURN_TYPE = YES_ERROR;
				GCC_WARN_UNDECLARED_SELECTOR = YES;
				GCC_WARN_UNINITIALIZED_AUTOS = YES_AGGRESSIVE;
				GCC_WARN_UNUSED_FUNCTION = YES;
				GCC_WARN_UNUSED_VARIABLE = YES;
				IPHONEOS_DEPLOYMENT_TARGET = 8.4;
				MTL_ENABLE_DEBUG_INFO = NO;
				SDKROOT = iphoneos;
				VALIDATE_PRODUCT = YES;
			};
			name = Release;
		};
		8B8936331B592D0300DAD33A /* Debug */ = {
			isa = XCBuildConfiguration;
			buildSettings = {
				ASSETCATALOG_COMPILER_APPICON_NAME = AppIcon;
				INFOPLIST_FILE = ObjectiveStopwatch/Info.plist;
				LD_RUNPATH_SEARCH_PATHS = "$(inherited) @executable_path/Frameworks";
				PRODUCT_NAME = "$(TARGET_NAME)";
			};
			name = Debug;
		};
		8B8936341B592D0300DAD33A /* Release */ = {
			isa = XCBuildConfiguration;
			buildSettings = {
				ASSETCATALOG_COMPILER_APPICON_NAME = AppIcon;
				INFOPLIST_FILE = ObjectiveStopwatch/Info.plist;
				LD_RUNPATH_SEARCH_PATHS = "$(inherited) @executable_path/Frameworks";
				PRODUCT_NAME = "$(TARGET_NAME)";
			};
			name = Release;
		};
		8B8936361B592D0300DAD33A /* Debug */ = {
			isa = XCBuildConfiguration;
			buildSettings = {
				BUNDLE_LOADER = "$(TEST_HOST)";
				FRAMEWORK_SEARCH_PATHS = (
					"$(SDKROOT)/Developer/Library/Frameworks",
					"$(inherited)",
				);
				GCC_PREPROCESSOR_DEFINITIONS = (
					"DEBUG=1",
					"$(inherited)",
				);
				INFOPLIST_FILE = ObjectiveStopwatchTests/Info.plist;
				LD_RUNPATH_SEARCH_PATHS = "$(inherited) @executable_path/Frameworks @loader_path/Frameworks";
				PRODUCT_NAME = "$(TARGET_NAME)";
				TEST_HOST = "$(BUILT_PRODUCTS_DIR)/ObjectiveStopwatch.app/ObjectiveStopwatch";
			};
			name = Debug;
		};
		8B8936371B592D0300DAD33A /* Release */ = {
			isa = XCBuildConfiguration;
			buildSettings = {
				BUNDLE_LOADER = "$(TEST_HOST)";
				FRAMEWORK_SEARCH_PATHS = (
					"$(SDKROOT)/Developer/Library/Frameworks",
					"$(inherited)",
				);
				INFOPLIST_FILE = ObjectiveStopwatchTests/Info.plist;
				LD_RUNPATH_SEARCH_PATHS = "$(inherited) @executable_path/Frameworks @loader_path/Frameworks";
				PRODUCT_NAME = "$(TARGET_NAME)";
				TEST_HOST = "$(BUILT_PRODUCTS_DIR)/ObjectiveStopwatch.app/ObjectiveStopwatch";
			};
			name = Release;
		};
/* End XCBuildConfiguration section */

/* Begin XCConfigurationList section */
		8B89360A1B592D0300DAD33A /* Build configuration list for PBXProject "ObjectiveStopwatch" */ = {
			isa = XCConfigurationList;
			buildConfigurations = (
				8B8936301B592D0300DAD33A /* Debug */,
				8B8936311B592D0300DAD33A /* Release */,
			);
			defaultConfigurationIsVisible = 0;
			defaultConfigurationName = Release;
		};
		8B8936321B592D0300DAD33A /* Build configuration list for PBXNativeTarget "ObjectiveStopwatch" */ = {
			isa = XCConfigurationList;
			buildConfigurations = (
				8B8936331B592D0300DAD33A /* Debug */,
				8B8936341B592D0300DAD33A /* Release */,
			);
			defaultConfigurationIsVisible = 0;
		};
		8B8936351B592D0300DAD33A /* Build configuration list for PBXNativeTarget "ObjectiveStopwatchTests" */ = {
			isa = XCConfigurationList;
			buildConfigurations = (
				8B8936361B592D0300DAD33A /* Debug */,
				8B8936371B592D0300DAD33A /* Release */,
			);
			defaultConfigurationIsVisible = 0;
		};
/* End XCConfigurationList section */
	};
	rootObject = 8B8936071B592D0300DAD33A /* Project object */;
}
