// !$*UTF8*$!
{
	archiveVersion = 1;
	classes = {
	};
	objectVersion = 46;
	objects = {

/* Begin PBXBuildFile section */
		8BCF9EE01B389354007E7816 /* main.m in Sources */ = {isa = PBXBuildFile; fileRef = 8BCF9EDF1B389354007E7816 /* main.m */; };
		8BCF9EE31B389354007E7816 /* AppDelegate.m in Sources */ = {isa = PBXBuildFile; fileRef = 8BCF9EE21B389354007E7816 /* AppDelegate.m */; };
		8BCF9EE61B389354007E7816 /* ViewController.m in Sources */ = {isa = PBXBuildFile; fileRef = 8BCF9EE51B389354007E7816 /* ViewController.m */; };
		8BCF9EE91B389354007E7816 /* Main.storyboard in Resources */ = {isa = PBXBuildFile; fileRef = 8BCF9EE71B389354007E7816 /* Main.storyboard */; };
		8BCF9EEB1B389354007E7816 /* Images.xcassets in Resources */ = {isa = PBXBuildFile; fileRef = 8BCF9EEA1B389354007E7816 /* Images.xcassets */; };
		8BCF9EEE1B389354007E7816 /* LaunchScreen.xib in Resources */ = {isa = PBXBuildFile; fileRef = 8BCF9EEC1B389354007E7816 /* LaunchScreen.xib */; };
		8BCF9EFA1B389354007E7816 /* AgeCalculatorTests.m in Sources */ = {isa = PBXBuildFile; fileRef = 8BCF9EF91B389354007E7816 /* AgeCalculatorTests.m */; };
/* End PBXBuildFile section */

/* Begin PBXContainerItemProxy section */
		8BCF9EF41B389354007E7816 /* PBXContainerItemProxy */ = {
			isa = PBXContainerItemProxy;
			containerPortal = 8BCF9ED21B389354007E7816 /* Project object */;
			proxyType = 1;
			remoteGlobalIDString = 8BCF9ED91B389354007E7816;
			remoteInfo = AgeCalculator;
		};
/* End PBXContainerItemProxy section */

/* Begin PBXFileReference section */
		8BCF9EDA1B389354007E7816 /* AgeCalculator.app */ = {isa = PBXFileReference; explicitFileType = wrapper.application; includeInIndex = 0; path = AgeCalculator.app; sourceTree = BUILT_PRODUCTS_DIR; };
		8BCF9EDE1B389354007E7816 /* Info.plist */ = {isa = PBXFileReference; lastKnownFileType = text.plist.xml; path = Info.plist; sourceTree = "<group>"; };
		8BCF9EDF1B389354007E7816 /* main.m */ = {isa = PBXFileReference; lastKnownFileType = sourcecode.c.objc; path = main.m; sourceTree = "<group>"; };
		8BCF9EE11B389354007E7816 /* AppDelegate.h */ = {isa = PBXFileReference; lastKnownFileType = sourcecode.c.h; path = AppDelegate.h; sourceTree = "<group>"; };
		8BCF9EE21B389354007E7816 /* AppDelegate.m */ = {isa = PBXFileReference; lastKnownFileType = sourcecode.c.objc; path = AppDelegate.m; sourceTree = "<group>"; };
		8BCF9EE41B389354007E7816 /* ViewController.h */ = {isa = PBXFileReference; lastKnownFileType = sourcecode.c.h; path = ViewController.h; sourceTree = "<group>"; };
		8BCF9EE51B389354007E7816 /* ViewController.m */ = {isa = PBXFileReference; lastKnownFileType = sourcecode.c.objc; path = ViewController.m; sourceTree = "<group>"; };
		8BCF9EE81B389354007E7816 /* Base */ = {isa = PBXFileReference; lastKnownFileType = file.storyboard; name = Base; path = Base.lproj/Main.storyboard; sourceTree = "<group>"; };
		8BCF9EEA1B389354007E7816 /* Images.xcassets */ = {isa = PBXFileReference; lastKnownFileType = folder.assetcatalog; path = Images.xcassets; sourceTree = "<group>"; };
		8BCF9EED1B389354007E7816 /* Base */ = {isa = PBXFileReference; lastKnownFileType = file.xib; name = Base; path = Base.lproj/LaunchScreen.xib; sourceTree = "<group>"; };
		8BCF9EF31B389354007E7816 /* AgeCalculatorTests.xctest */ = {isa = PBXFileReference; explicitFileType = wrapper.cfbundle; includeInIndex = 0; path = AgeCalculatorTests.xctest; sourceTree = BUILT_PRODUCTS_DIR; };
		8BCF9EF81B389354007E7816 /* Info.plist */ = {isa = PBXFileReference; lastKnownFileType = text.plist.xml; path = Info.plist; sourceTree = "<group>"; };
		8BCF9EF91B389354007E7816 /* AgeCalculatorTests.m */ = {isa = PBXFileReference; lastKnownFileType = sourcecode.c.objc; path = AgeCalculatorTests.m; sourceTree = "<group>"; };
/* End PBXFileReference section */

/* Begin PBXFrameworksBuildPhase section */
		8BCF9ED71B389354007E7816 /* Frameworks */ = {
			isa = PBXFrameworksBuildPhase;
			buildActionMask = 2147483647;
			files = (
			);
			runOnlyForDeploymentPostprocessing = 0;
		};
		8BCF9EF01B389354007E7816 /* Frameworks */ = {
			isa = PBXFrameworksBuildPhase;
			buildActionMask = 2147483647;
			files = (
			);
			runOnlyForDeploymentPostprocessing = 0;
		};
/* End PBXFrameworksBuildPhase section */

/* Begin PBXGroup section */
		8BCF9ED11B389354007E7816 = {
			isa = PBXGroup;
			children = (
				8BCF9EDC1B389354007E7816 /* AgeCalculator */,
				8BCF9EF61B389354007E7816 /* AgeCalculatorTests */,
				8BCF9EDB1B389354007E7816 /* Products */,
			);
			sourceTree = "<group>";
		};
		8BCF9EDB1B389354007E7816 /* Products */ = {
			isa = PBXGroup;
			children = (
				8BCF9EDA1B389354007E7816 /* AgeCalculator.app */,
				8BCF9EF31B389354007E7816 /* AgeCalculatorTests.xctest */,
			);
			name = Products;
			sourceTree = "<group>";
		};
		8BCF9EDC1B389354007E7816 /* AgeCalculator */ = {
			isa = PBXGroup;
			children = (
				8BCF9EE11B389354007E7816 /* AppDelegate.h */,
				8BCF9EE21B389354007E7816 /* AppDelegate.m */,
				8BCF9EE41B389354007E7816 /* ViewController.h */,
				8BCF9EE51B389354007E7816 /* ViewController.m */,
				8BCF9EE71B389354007E7816 /* Main.storyboard */,
				8BCF9EEA1B389354007E7816 /* Images.xcassets */,
				8BCF9EEC1B389354007E7816 /* LaunchScreen.xib */,
				8BCF9EDD1B389354007E7816 /* Supporting Files */,
			);
			path = AgeCalculator;
			sourceTree = "<group>";
		};
		8BCF9EDD1B389354007E7816 /* Supporting Files */ = {
			isa = PBXGroup;
			children = (
				8BCF9EDE1B389354007E7816 /* Info.plist */,
				8BCF9EDF1B389354007E7816 /* main.m */,
			);
			name = "Supporting Files";
			sourceTree = "<group>";
		};
		8BCF9EF61B389354007E7816 /* AgeCalculatorTests */ = {
			isa = PBXGroup;
			children = (
				8BCF9EF91B389354007E7816 /* AgeCalculatorTests.m */,
				8BCF9EF71B389354007E7816 /* Supporting Files */,
			);
			path = AgeCalculatorTests;
			sourceTree = "<group>";
		};
		8BCF9EF71B389354007E7816 /* Supporting Files */ = {
			isa = PBXGroup;
			children = (
				8BCF9EF81B389354007E7816 /* Info.plist */,
			);
			name = "Supporting Files";
			sourceTree = "<group>";
		};
/* End PBXGroup section */

/* Begin PBXNativeTarget section */
		8BCF9ED91B389354007E7816 /* AgeCalculator */ = {
			isa = PBXNativeTarget;
			buildConfigurationList = 8BCF9EFD1B389354007E7816 /* Build configuration list for PBXNativeTarget "AgeCalculator" */;
			buildPhases = (
				8BCF9ED61B389354007E7816 /* Sources */,
				8BCF9ED71B389354007E7816 /* Frameworks */,
				8BCF9ED81B389354007E7816 /* Resources */,
			);
			buildRules = (
			);
			dependencies = (
			);
			name = AgeCalculator;
			productName = AgeCalculator;
			productReference = 8BCF9EDA1B389354007E7816 /* AgeCalculator.app */;
			productType = "com.apple.product-type.application";
		};
		8BCF9EF21B389354007E7816 /* AgeCalculatorTests */ = {
			isa = PBXNativeTarget;
			buildConfigurationList = 8BCF9F001B389354007E7816 /* Build configuration list for PBXNativeTarget "AgeCalculatorTests" */;
			buildPhases = (
				8BCF9EEF1B389354007E7816 /* Sources */,
				8BCF9EF01B389354007E7816 /* Frameworks */,
				8BCF9EF11B389354007E7816 /* Resources */,
			);
			buildRules = (
			);
			dependencies = (
				8BCF9EF51B389354007E7816 /* PBXTargetDependency */,
			);
			name = AgeCalculatorTests;
			productName = AgeCalculatorTests;
			productReference = 8BCF9EF31B389354007E7816 /* AgeCalculatorTests.xctest */;
			productType = "com.apple.product-type.bundle.unit-test";
		};
/* End PBXNativeTarget section */

/* Begin PBXProject section */
		8BCF9ED21B389354007E7816 /* Project object */ = {
			isa = PBXProject;
			attributes = {
				LastUpgradeCheck = 0630;
				ORGANIZATIONNAME = "The Iron Yard";
				TargetAttributes = {
					8BCF9ED91B389354007E7816 = {
						CreatedOnToolsVersion = 6.3.2;
					};
					8BCF9EF21B389354007E7816 = {
						CreatedOnToolsVersion = 6.3.2;
						TestTargetID = 8BCF9ED91B389354007E7816;
					};
				};
			};
			buildConfigurationList = 8BCF9ED51B389354007E7816 /* Build configuration list for PBXProject "AgeCalculator" */;
			compatibilityVersion = "Xcode 3.2";
			developmentRegion = English;
			hasScannedForEncodings = 0;
			knownRegions = (
				en,
				Base,
			);
			mainGroup = 8BCF9ED11B389354007E7816;
			productRefGroup = 8BCF9EDB1B389354007E7816 /* Products */;
			projectDirPath = "";
			projectRoot = "";
			targets = (
				8BCF9ED91B389354007E7816 /* AgeCalculator */,
				8BCF9EF21B389354007E7816 /* AgeCalculatorTests */,
			);
		};
/* End PBXProject section */

/* Begin PBXResourcesBuildPhase section */
		8BCF9ED81B389354007E7816 /* Resources */ = {
			isa = PBXResourcesBuildPhase;
			buildActionMask = 2147483647;
			files = (
				8BCF9EE91B389354007E7816 /* Main.storyboard in Resources */,
				8BCF9EEE1B389354007E7816 /* LaunchScreen.xib in Resources */,
				8BCF9EEB1B389354007E7816 /* Images.xcassets in Resources */,
			);
			runOnlyForDeploymentPostprocessing = 0;
		};
		8BCF9EF11B389354007E7816 /* Resources */ = {
			isa = PBXResourcesBuildPhase;
			buildActionMask = 2147483647;
			files = (
			);
			runOnlyForDeploymentPostprocessing = 0;
		};
/* End PBXResourcesBuildPhase section */

/* Begin PBXSourcesBuildPhase section */
		8BCF9ED61B389354007E7816 /* Sources */ = {
			isa = PBXSourcesBuildPhase;
			buildActionMask = 2147483647;
			files = (
				8BCF9EE61B389354007E7816 /* ViewController.m in Sources */,
				8BCF9EE31B389354007E7816 /* AppDelegate.m in Sources */,
				8BCF9EE01B389354007E7816 /* main.m in Sources */,
			);
			runOnlyForDeploymentPostprocessing = 0;
		};
		8BCF9EEF1B389354007E7816 /* Sources */ = {
			isa = PBXSourcesBuildPhase;
			buildActionMask = 2147483647;
			files = (
				8BCF9EFA1B389354007E7816 /* AgeCalculatorTests.m in Sources */,
			);
			runOnlyForDeploymentPostprocessing = 0;
		};
/* End PBXSourcesBuildPhase section */

/* Begin PBXTargetDependency section */
		8BCF9EF51B389354007E7816 /* PBXTargetDependency */ = {
			isa = PBXTargetDependency;
			target = 8BCF9ED91B389354007E7816 /* AgeCalculator */;
			targetProxy = 8BCF9EF41B389354007E7816 /* PBXContainerItemProxy */;
		};
/* End PBXTargetDependency section */

/* Begin PBXVariantGroup section */
		8BCF9EE71B389354007E7816 /* Main.storyboard */ = {
			isa = PBXVariantGroup;
			children = (
				8BCF9EE81B389354007E7816 /* Base */,
			);
			name = Main.storyboard;
			sourceTree = "<group>";
		};
		8BCF9EEC1B389354007E7816 /* LaunchScreen.xib */ = {
			isa = PBXVariantGroup;
			children = (
				8BCF9EED1B389354007E7816 /* Base */,
			);
			name = LaunchScreen.xib;
			sourceTree = "<group>";
		};
/* End PBXVariantGroup section */

/* Begin XCBuildConfiguration section */
		8BCF9EFB1B389354007E7816 /* Debug */ = {
			isa = XCBuildConfiguration;
			buildSettings = {
				ALWAYS_SEARCH_USER_PATHS = NO;
				CLANG_CXX_LANGUAGE_STANDARD = "gnu++0x";
				CLANG_CXX_LIBRARY = "libc++";
				CLANG_ENABLE_MODULES = YES;
				CLANG_ENABLE_OBJC_ARC = YES;
				CLANG_WARN_BOOL_CONVERSION = YES;
				CLANG_WARN_CONSTANT_CONVERSION = YES;
				CLANG_WARN_DIRECT_OBJC_ISA_USAGE = YES_ERROR;
				CLANG_WARN_EMPTY_BODY = YES;
				CLANG_WARN_ENUM_CONVERSION = YES;
				CLANG_WARN_INT_CONVERSION = YES;
				CLANG_WARN_OBJC_ROOT_CLASS = YES_ERROR;
				CLANG_WARN_UNREACHABLE_CODE = YES;
				CLANG_WARN__DUPLICATE_METHOD_MATCH = YES;
				"CODE_SIGN_IDENTITY[sdk=iphoneos*]" = "iPhone Developer";
				COPY_PHASE_STRIP = NO;
				DEBUG_INFORMATION_FORMAT = "dwarf-with-dsym";
				ENABLE_STRICT_OBJC_MSGSEND = YES;
				GCC_C_LANGUAGE_STANDARD = gnu99;
				GCC_DYNAMIC_NO_PIC = NO;
				GCC_NO_COMMON_BLOCKS = YES;
				GCC_OPTIMIZATION_LEVEL = 0;
				GCC_PREPROCESSOR_DEFINITIONS = (
					"DEBUG=1",
					"$(inherited)",
				);
				GCC_SYMBOLS_PRIVATE_EXTERN = NO;
				GCC_WARN_64_TO_32_BIT_CONVERSION = YES;
				GCC_WARN_ABOUT_RETURN_TYPE = YES_ERROR;
				GCC_WARN_UNDECLARED_SELECTOR = YES;
				GCC_WARN_UNINITIALIZED_AUTOS = YES_AGGRESSIVE;
				GCC_WARN_UNUSED_FUNCTION = YES;
				GCC_WARN_UNUSED_VARIABLE = YES;
				IPHONEOS_DEPLOYMENT_TARGET = 8.3;
				MTL_ENABLE_DEBUG_INFO = YES;
				ONLY_ACTIVE_ARCH = YES;
				SDKROOT = iphoneos;
			};
			name = Debug;
		};
		8BCF9EFC1B389354007E7816 /* Release */ = {
			isa = XCBuildConfiguration;
			buildSettings = {
				ALWAYS_SEARCH_USER_PATHS = NO;
				CLANG_CXX_LANGUAGE_STANDARD = "gnu++0x";
				CLANG_CXX_LIBRARY = "libc++";
				CLANG_ENABLE_MODULES = YES;
				CLANG_ENABLE_OBJC_ARC = YES;
				CLANG_WARN_BOOL_CONVERSION = YES;
				CLANG_WARN_CONSTANT_CONVERSION = YES;
				CLANG_WARN_DIRECT_OBJC_ISA_USAGE = YES_ERROR;
				CLANG_WARN_EMPTY_BODY = YES;
				CLANG_WARN_ENUM_CONVERSION = YES;
				CLANG_WARN_INT_CONVERSION = YES;
				CLANG_WARN_OBJC_ROOT_CLASS = YES_ERROR;
				CLANG_WARN_UNREACHABLE_CODE = YES;
				CLANG_WARN__DUPLICATE_METHOD_MATCH = YES;
				"CODE_SIGN_IDENTITY[sdk=iphoneos*]" = "iPhone Developer";
				COPY_PHASE_STRIP = NO;
				DEBUG_INFORMATION_FORMAT = "dwarf-with-dsym";
				ENABLE_NS_ASSERTIONS = NO;
				ENABLE_STRICT_OBJC_MSGSEND = YES;
				GCC_C_LANGUAGE_STANDARD = gnu99;
				GCC_NO_COMMON_BLOCKS = YES;
				GCC_WARN_64_TO_32_BIT_CONVERSION = YES;
				GCC_WARN_ABOUT_RETURN_TYPE = YES_ERROR;
				GCC_WARN_UNDECLARED_SELECTOR = YES;
				GCC_WARN_UNINITIALIZED_AUTOS = YES_AGGRESSIVE;
				GCC_WARN_UNUSED_FUNCTION = YES;
				GCC_WARN_UNUSED_VARIABLE = YES;
				IPHONEOS_DEPLOYMENT_TARGET = 8.3;
				MTL_ENABLE_DEBUG_INFO = NO;
				SDKROOT = iphoneos;
				VALIDATE_PRODUCT = YES;
			};
			name = Release;
		};
		8BCF9EFE1B389354007E7816 /* Debug */ = {
			isa = XCBuildConfiguration;
			buildSettings = {
				ASSETCATALOG_COMPILER_APPICON_NAME = AppIcon;
				INFOPLIST_FILE = AgeCalculator/Info.plist;
				LD_RUNPATH_SEARCH_PATHS = "$(inherited) @executable_path/Frameworks";
				PRODUCT_NAME = "$(TARGET_NAME)";
			};
			name = Debug;
		};
		8BCF9EFF1B389354007E7816 /* Release */ = {
			isa = XCBuildConfiguration;
			buildSettings = {
				ASSETCATALOG_COMPILER_APPICON_NAME = AppIcon;
				INFOPLIST_FILE = AgeCalculator/Info.plist;
				LD_RUNPATH_SEARCH_PATHS = "$(inherited) @executable_path/Frameworks";
				PRODUCT_NAME = "$(TARGET_NAME)";
			};
			name = Release;
		};
		8BCF9F011B389354007E7816 /* Debug */ = {
			isa = XCBuildConfiguration;
			buildSettings = {
				BUNDLE_LOADER = "$(TEST_HOST)";
				FRAMEWORK_SEARCH_PATHS = (
					"$(SDKROOT)/Developer/Library/Frameworks",
					"$(inherited)",
				);
				GCC_PREPROCESSOR_DEFINITIONS = (
					"DEBUG=1",
					"$(inherited)",
				);
				INFOPLIST_FILE = AgeCalculatorTests/Info.plist;
				LD_RUNPATH_SEARCH_PATHS = "$(inherited) @executable_path/Frameworks @loader_path/Frameworks";
				PRODUCT_NAME = "$(TARGET_NAME)";
				TEST_HOST = "$(BUILT_PRODUCTS_DIR)/AgeCalculator.app/AgeCalculator";
			};
			name = Debug;
		};
		8BCF9F021B389354007E7816 /* Release */ = {
			isa = XCBuildConfiguration;
			buildSettings = {
				BUNDLE_LOADER = "$(TEST_HOST)";
				FRAMEWORK_SEARCH_PATHS = (
					"$(SDKROOT)/Developer/Library/Frameworks",
					"$(inherited)",
				);
				INFOPLIST_FILE = AgeCalculatorTests/Info.plist;
				LD_RUNPATH_SEARCH_PATHS = "$(inherited) @executable_path/Frameworks @loader_path/Frameworks";
				PRODUCT_NAME = "$(TARGET_NAME)";
				TEST_HOST = "$(BUILT_PRODUCTS_DIR)/AgeCalculator.app/AgeCalculator";
			};
			name = Release;
		};
/* End XCBuildConfiguration section */

/* Begin XCConfigurationList section */
		8BCF9ED51B389354007E7816 /* Build configuration list for PBXProject "AgeCalculator" */ = {
			isa = XCConfigurationList;
			buildConfigurations = (
				8BCF9EFB1B389354007E7816 /* Debug */,
				8BCF9EFC1B389354007E7816 /* Release */,
			);
			defaultConfigurationIsVisible = 0;
			defaultConfigurationName = Release;
		};
		8BCF9EFD1B389354007E7816 /* Build configuration list for PBXNativeTarget "AgeCalculator" */ = {
			isa = XCConfigurationList;
			buildConfigurations = (
				8BCF9EFE1B389354007E7816 /* Debug */,
				8BCF9EFF1B389354007E7816 /* Release */,
			);
			defaultConfigurationIsVisible = 0;
		};
		8BCF9F001B389354007E7816 /* Build configuration list for PBXNativeTarget "AgeCalculatorTests" */ = {
			isa = XCConfigurationList;
			buildConfigurations = (
				8BCF9F011B389354007E7816 /* Debug */,
				8BCF9F021B389354007E7816 /* Release */,
			);
			defaultConfigurationIsVisible = 0;
		};
/* End XCConfigurationList section */
	};
	rootObject = 8BCF9ED21B389354007E7816 /* Project object */;
}
