// !$*UTF8*$!
{
	archiveVersion = 1;
	classes = {
	};
	objectVersion = 46;
	objects = {

/* Begin PBXBuildFile section */
		8BC74A661B66AD3C00194A55 /* AppDelegate.swift in Sources */ = {isa = PBXBuildFile; fileRef = 8BC74A651B66AD3C00194A55 /* AppDelegate.swift */; };
		8BC74A691B66AD3C00194A55 /* HitList.xcdatamodeld in Sources */ = {isa = PBXBuildFile; fileRef = 8BC74A671B66AD3C00194A55 /* HitList.xcdatamodeld */; };
		8BC74A6B1B66AD3C00194A55 /* ViewController.swift in Sources */ = {isa = PBXBuildFile; fileRef = 8BC74A6A1B66AD3C00194A55 /* ViewController.swift */; };
		8BC74A6E1B66AD3C00194A55 /* Main.storyboard in Resources */ = {isa = PBXBuildFile; fileRef = 8BC74A6C1B66AD3C00194A55 /* Main.storyboard */; };
		8BC74A701B66AD3C00194A55 /* Images.xcassets in Resources */ = {isa = PBXBuildFile; fileRef = 8BC74A6F1B66AD3C00194A55 /* Images.xcassets */; };
		8BC74A731B66AD3C00194A55 /* LaunchScreen.xib in Resources */ = {isa = PBXBuildFile; fileRef = 8BC74A711B66AD3C00194A55 /* LaunchScreen.xib */; };
		8BC74A7F1B66AD3C00194A55 /* HitListTests.swift in Sources */ = {isa = PBXBuildFile; fileRef = 8BC74A7E1B66AD3C00194A55 /* HitListTests.swift */; };
/* End PBXBuildFile section */

/* Begin PBXContainerItemProxy section */
		8BC74A791B66AD3C00194A55 /* PBXContainerItemProxy */ = {
			isa = PBXContainerItemProxy;
			containerPortal = 8BC74A581B66AD3B00194A55 /* Project object */;
			proxyType = 1;
			remoteGlobalIDString = 8BC74A5F1B66AD3B00194A55;
			remoteInfo = HitList;
		};
/* End PBXContainerItemProxy section */

/* Begin PBXFileReference section */
		8BC74A601B66AD3C00194A55 /* HitList.app */ = {isa = PBXFileReference; explicitFileType = wrapper.application; includeInIndex = 0; path = HitList.app; sourceTree = BUILT_PRODUCTS_DIR; };
		8BC74A641B66AD3C00194A55 /* Info.plist */ = {isa = PBXFileReference; lastKnownFileType = text.plist.xml; path = Info.plist; sourceTree = "<group>"; };
		8BC74A651B66AD3C00194A55 /* AppDelegate.swift */ = {isa = PBXFileReference; lastKnownFileType = sourcecode.swift; path = AppDelegate.swift; sourceTree = "<group>"; };
		8BC74A681B66AD3C00194A55 /* HitList.xcdatamodel */ = {isa = PBXFileReference; lastKnownFileType = wrapper.xcdatamodel; path = HitList.xcdatamodel; sourceTree = "<group>"; };
		8BC74A6A1B66AD3C00194A55 /* ViewController.swift */ = {isa = PBXFileReference; lastKnownFileType = sourcecode.swift; path = ViewController.swift; sourceTree = "<group>"; };
		8BC74A6D1B66AD3C00194A55 /* Base */ = {isa = PBXFileReference; lastKnownFileType = file.storyboard; name = Base; path = Base.lproj/Main.storyboard; sourceTree = "<group>"; };
		8BC74A6F1B66AD3C00194A55 /* Images.xcassets */ = {isa = PBXFileReference; lastKnownFileType = folder.assetcatalog; path = Images.xcassets; sourceTree = "<group>"; };
		8BC74A721B66AD3C00194A55 /* Base */ = {isa = PBXFileReference; lastKnownFileType = file.xib; name = Base; path = Base.lproj/LaunchScreen.xib; sourceTree = "<group>"; };
		8BC74A781B66AD3C00194A55 /* HitListTests.xctest */ = {isa = PBXFileReference; explicitFileType = wrapper.cfbundle; includeInIndex = 0; path = HitListTests.xctest; sourceTree = BUILT_PRODUCTS_DIR; };
		8BC74A7D1B66AD3C00194A55 /* Info.plist */ = {isa = PBXFileReference; lastKnownFileType = text.plist.xml; path = Info.plist; sourceTree = "<group>"; };
		8BC74A7E1B66AD3C00194A55 /* HitListTests.swift */ = {isa = PBXFileReference; lastKnownFileType = sourcecode.swift; path = HitListTests.swift; sourceTree = "<group>"; };
/* End PBXFileReference section */

/* Begin PBXFrameworksBuildPhase section */
		8BC74A5D1B66AD3B00194A55 /* Frameworks */ = {
			isa = PBXFrameworksBuildPhase;
			buildActionMask = 2147483647;
			files = (
			);
			runOnlyForDeploymentPostprocessing = 0;
		};
		8BC74A751B66AD3C00194A55 /* Frameworks */ = {
			isa = PBXFrameworksBuildPhase;
			buildActionMask = 2147483647;
			files = (
			);
			runOnlyForDeploymentPostprocessing = 0;
		};
/* End PBXFrameworksBuildPhase section */

/* Begin PBXGroup section */
		8BC74A571B66AD3B00194A55 = {
			isa = PBXGroup;
			children = (
				8BC74A621B66AD3C00194A55 /* HitList */,
				8BC74A7B1B66AD3C00194A55 /* HitListTests */,
				8BC74A611B66AD3C00194A55 /* Products */,
			);
			sourceTree = "<group>";
		};
		8BC74A611B66AD3C00194A55 /* Products */ = {
			isa = PBXGroup;
			children = (
				8BC74A601B66AD3C00194A55 /* HitList.app */,
				8BC74A781B66AD3C00194A55 /* HitListTests.xctest */,
			);
			name = Products;
			sourceTree = "<group>";
		};
		8BC74A621B66AD3C00194A55 /* HitList */ = {
			isa = PBXGroup;
			children = (
				8BC74A651B66AD3C00194A55 /* AppDelegate.swift */,
				8BC74A6A1B66AD3C00194A55 /* ViewController.swift */,
				8BC74A6C1B66AD3C00194A55 /* Main.storyboard */,
				8BC74A6F1B66AD3C00194A55 /* Images.xcassets */,
				8BC74A711B66AD3C00194A55 /* LaunchScreen.xib */,
				8BC74A671B66AD3C00194A55 /* HitList.xcdatamodeld */,
				8BC74A631B66AD3C00194A55 /* Supporting Files */,
			);
			path = HitList;
			sourceTree = "<group>";
		};
		8BC74A631B66AD3C00194A55 /* Supporting Files */ = {
			isa = PBXGroup;
			children = (
				8BC74A641B66AD3C00194A55 /* Info.plist */,
			);
			name = "Supporting Files";
			sourceTree = "<group>";
		};
		8BC74A7B1B66AD3C00194A55 /* HitListTests */ = {
			isa = PBXGroup;
			children = (
				8BC74A7E1B66AD3C00194A55 /* HitListTests.swift */,
				8BC74A7C1B66AD3C00194A55 /* Supporting Files */,
			);
			path = HitListTests;
			sourceTree = "<group>";
		};
		8BC74A7C1B66AD3C00194A55 /* Supporting Files */ = {
			isa = PBXGroup;
			children = (
				8BC74A7D1B66AD3C00194A55 /* Info.plist */,
			);
			name = "Supporting Files";
			sourceTree = "<group>";
		};
/* End PBXGroup section */

/* Begin PBXNativeTarget section */
		8BC74A5F1B66AD3B00194A55 /* HitList */ = {
			isa = PBXNativeTarget;
			buildConfigurationList = 8BC74A821B66AD3C00194A55 /* Build configuration list for PBXNativeTarget "HitList" */;
			buildPhases = (
				8BC74A5C1B66AD3B00194A55 /* Sources */,
				8BC74A5D1B66AD3B00194A55 /* Frameworks */,
				8BC74A5E1B66AD3B00194A55 /* Resources */,
			);
			buildRules = (
			);
			dependencies = (
			);
			name = HitList;
			productName = HitList;
			productReference = 8BC74A601B66AD3C00194A55 /* HitList.app */;
			productType = "com.apple.product-type.application";
		};
		8BC74A771B66AD3C00194A55 /* HitListTests */ = {
			isa = PBXNativeTarget;
			buildConfigurationList = 8BC74A851B66AD3C00194A55 /* Build configuration list for PBXNativeTarget "HitListTests" */;
			buildPhases = (
				8BC74A741B66AD3C00194A55 /* Sources */,
				8BC74A751B66AD3C00194A55 /* Frameworks */,
				8BC74A761B66AD3C00194A55 /* Resources */,
			);
			buildRules = (
			);
			dependencies = (
				8BC74A7A1B66AD3C00194A55 /* PBXTargetDependency */,
			);
			name = HitListTests;
			productName = HitListTests;
			productReference = 8BC74A781B66AD3C00194A55 /* HitListTests.xctest */;
			productType = "com.apple.product-type.bundle.unit-test";
		};
/* End PBXNativeTarget section */

/* Begin PBXProject section */
		8BC74A581B66AD3B00194A55 /* Project object */ = {
			isa = PBXProject;
			attributes = {
				LastUpgradeCheck = 0640;
				ORGANIZATIONNAME = "The Iron Yard";
				TargetAttributes = {
					8BC74A5F1B66AD3B00194A55 = {
						CreatedOnToolsVersion = 6.4;
					};
					8BC74A771B66AD3C00194A55 = {
						CreatedOnToolsVersion = 6.4;
						TestTargetID = 8BC74A5F1B66AD3B00194A55;
					};
				};
			};
			buildConfigurationList = 8BC74A5B1B66AD3B00194A55 /* Build configuration list for PBXProject "HitList" */;
			compatibilityVersion = "Xcode 3.2";
			developmentRegion = English;
			hasScannedForEncodings = 0;
			knownRegions = (
				en,
				Base,
			);
			mainGroup = 8BC74A571B66AD3B00194A55;
			productRefGroup = 8BC74A611B66AD3C00194A55 /* Products */;
			projectDirPath = "";
			projectRoot = "";
			targets = (
				8BC74A5F1B66AD3B00194A55 /* HitList */,
				8BC74A771B66AD3C00194A55 /* HitListTests */,
			);
		};
/* End PBXProject section */

/* Begin PBXResourcesBuildPhase section */
		8BC74A5E1B66AD3B00194A55 /* Resources */ = {
			isa = PBXResourcesBuildPhase;
			buildActionMask = 2147483647;
			files = (
				8BC74A6E1B66AD3C00194A55 /* Main.storyboard in Resources */,
				8BC74A731B66AD3C00194A55 /* LaunchScreen.xib in Resources */,
				8BC74A701B66AD3C00194A55 /* Images.xcassets in Resources */,
			);
			runOnlyForDeploymentPostprocessing = 0;
		};
		8BC74A761B66AD3C00194A55 /* Resources */ = {
			isa = PBXResourcesBuildPhase;
			buildActionMask = 2147483647;
			files = (
			);
			runOnlyForDeploymentPostprocessing = 0;
		};
/* End PBXResourcesBuildPhase section */

/* Begin PBXSourcesBuildPhase section */
		8BC74A5C1B66AD3B00194A55 /* Sources */ = {
			isa = PBXSourcesBuildPhase;
			buildActionMask = 2147483647;
			files = (
				8BC74A6B1B66AD3C00194A55 /* ViewController.swift in Sources */,
				8BC74A661B66AD3C00194A55 /* AppDelegate.swift in Sources */,
				8BC74A691B66AD3C00194A55 /* HitList.xcdatamodeld in Sources */,
			);
			runOnlyForDeploymentPostprocessing = 0;
		};
		8BC74A741B66AD3C00194A55 /* Sources */ = {
			isa = PBXSourcesBuildPhase;
			buildActionMask = 2147483647;
			files = (
				8BC74A7F1B66AD3C00194A55 /* HitListTests.swift in Sources */,
			);
			runOnlyForDeploymentPostprocessing = 0;
		};
/* End PBXSourcesBuildPhase section */

/* Begin PBXTargetDependency section */
		8BC74A7A1B66AD3C00194A55 /* PBXTargetDependency */ = {
			isa = PBXTargetDependency;
			target = 8BC74A5F1B66AD3B00194A55 /* HitList */;
			targetProxy = 8BC74A791B66AD3C00194A55 /* PBXContainerItemProxy */;
		};
/* End PBXTargetDependency section */

/* Begin PBXVariantGroup section */
		8BC74A6C1B66AD3C00194A55 /* Main.storyboard */ = {
			isa = PBXVariantGroup;
			children = (
				8BC74A6D1B66AD3C00194A55 /* Base */,
			);
			name = Main.storyboard;
			sourceTree = "<group>";
		};
		8BC74A711B66AD3C00194A55 /* LaunchScreen.xib */ = {
			isa = PBXVariantGroup;
			children = (
				8BC74A721B66AD3C00194A55 /* Base */,
			);
			name = LaunchScreen.xib;
			sourceTree = "<group>";
		};
/* End PBXVariantGroup section */

/* Begin XCBuildConfiguration section */
		8BC74A801B66AD3C00194A55 /* Debug */ = {
			isa = XCBuildConfiguration;
			buildSettings = {
				ALWAYS_SEARCH_USER_PATHS = NO;
				CLANG_CXX_LANGUAGE_STANDARD = "gnu++0x";
				CLANG_CXX_LIBRARY = "libc++";
				CLANG_ENABLE_MODULES = YES;
				CLANG_ENABLE_OBJC_ARC = YES;
				CLANG_WARN_BOOL_CONVERSION = YES;
				CLANG_WARN_CONSTANT_CONVERSION = YES;
				CLANG_WARN_DIRECT_OBJC_ISA_USAGE = YES_ERROR;
				CLANG_WARN_EMPTY_BODY = YES;
				CLANG_WARN_ENUM_CONVERSION = YES;
				CLANG_WARN_INT_CONVERSION = YES;
				CLANG_WARN_OBJC_ROOT_CLASS = YES_ERROR;
				CLANG_WARN_UNREACHABLE_CODE = YES;
				CLANG_WARN__DUPLICATE_METHOD_MATCH = YES;
				"CODE_SIGN_IDENTITY[sdk=iphoneos*]" = "iPhone Developer";
				COPY_PHASE_STRIP = NO;
				DEBUG_INFORMATION_FORMAT = "dwarf-with-dsym";
				ENABLE_STRICT_OBJC_MSGSEND = YES;
				GCC_C_LANGUAGE_STANDARD = gnu99;
				GCC_DYNAMIC_NO_PIC = NO;
				GCC_NO_COMMON_BLOCKS = YES;
				GCC_OPTIMIZATION_LEVEL = 0;
				GCC_PREPROCESSOR_DEFINITIONS = (
					"DEBUG=1",
					"$(inherited)",
				);
				GCC_SYMBOLS_PRIVATE_EXTERN = NO;
				GCC_WARN_64_TO_32_BIT_CONVERSION = YES;
				GCC_WARN_ABOUT_RETURN_TYPE = YES_ERROR;
				GCC_WARN_UNDECLARED_SELECTOR = YES;
				GCC_WARN_UNINITIALIZED_AUTOS = YES_AGGRESSIVE;
				GCC_WARN_UNUSED_FUNCTION = YES;
				GCC_WARN_UNUSED_VARIABLE = YES;
				IPHONEOS_DEPLOYMENT_TARGET = 8.4;
				MTL_ENABLE_DEBUG_INFO = YES;
				ONLY_ACTIVE_ARCH = YES;
				SDKROOT = iphoneos;
				SWIFT_OPTIMIZATION_LEVEL = "-Onone";
			};
			name = Debug;
		};
		8BC74A811B66AD3C00194A55 /* Release */ = {
			isa = XCBuildConfiguration;
			buildSettings = {
				ALWAYS_SEARCH_USER_PATHS = NO;
				CLANG_CXX_LANGUAGE_STANDARD = "gnu++0x";
				CLANG_CXX_LIBRARY = "libc++";
				CLANG_ENABLE_MODULES = YES;
				CLANG_ENABLE_OBJC_ARC = YES;
				CLANG_WARN_BOOL_CONVERSION = YES;
				CLANG_WARN_CONSTANT_CONVERSION = YES;
				CLANG_WARN_DIRECT_OBJC_ISA_USAGE = YES_ERROR;
				CLANG_WARN_EMPTY_BODY = YES;
				CLANG_WARN_ENUM_CONVERSION = YES;
				CLANG_WARN_INT_CONVERSION = YES;
				CLANG_WARN_OBJC_ROOT_CLASS = YES_ERROR;
				CLANG_WARN_UNREACHABLE_CODE = YES;
				CLANG_WARN__DUPLICATE_METHOD_MATCH = YES;
				"CODE_SIGN_IDENTITY[sdk=iphoneos*]" = "iPhone Developer";
				COPY_PHASE_STRIP = NO;
				DEBUG_INFORMATION_FORMAT = "dwarf-with-dsym";
				ENABLE_NS_ASSERTIONS = NO;
				ENABLE_STRICT_OBJC_MSGSEND = YES;
				GCC_C_LANGUAGE_STANDARD = gnu99;
				GCC_NO_COMMON_BLOCKS = YES;
				GCC_WARN_64_TO_32_BIT_CONVERSION = YES;
				GCC_WARN_ABOUT_RETURN_TYPE = YES_ERROR;
				GCC_WARN_UNDECLARED_SELECTOR = YES;
				GCC_WARN_UNINITIALIZED_AUTOS = YES_AGGRESSIVE;
				GCC_WARN_UNUSED_FUNCTION = YES;
				GCC_WARN_UNUSED_VARIABLE = YES;
				IPHONEOS_DEPLOYMENT_TARGET = 8.4;
				MTL_ENABLE_DEBUG_INFO = NO;
				SDKROOT = iphoneos;
				VALIDATE_PRODUCT = YES;
			};
			name = Release;
		};
		8BC74A831B66AD3C00194A55 /* Debug */ = {
			isa = XCBuildConfiguration;
			buildSettings = {
				ASSETCATALOG_COMPILER_APPICON_NAME = AppIcon;
				INFOPLIST_FILE = HitList/Info.plist;
				LD_RUNPATH_SEARCH_PATHS = "$(inherited) @executable_path/Frameworks";
				PRODUCT_NAME = "$(TARGET_NAME)";
			};
			name = Debug;
		};
		8BC74A841B66AD3C00194A55 /* Release */ = {
			isa = XCBuildConfiguration;
			buildSettings = {
				ASSETCATALOG_COMPILER_APPICON_NAME = AppIcon;
				INFOPLIST_FILE = HitList/Info.plist;
				LD_RUNPATH_SEARCH_PATHS = "$(inherited) @executable_path/Frameworks";
				PRODUCT_NAME = "$(TARGET_NAME)";
			};
			name = Release;
		};
		8BC74A861B66AD3C00194A55 /* Debug */ = {
			isa = XCBuildConfiguration;
			buildSettings = {
				BUNDLE_LOADER = "$(TEST_HOST)";
				FRAMEWORK_SEARCH_PATHS = (
					"$(SDKROOT)/Developer/Library/Frameworks",
					"$(inherited)",
				);
				GCC_PREPROCESSOR_DEFINITIONS = (
					"DEBUG=1",
					"$(inherited)",
				);
				INFOPLIST_FILE = HitListTests/Info.plist;
				LD_RUNPATH_SEARCH_PATHS = "$(inherited) @executable_path/Frameworks @loader_path/Frameworks";
				PRODUCT_NAME = "$(TARGET_NAME)";
				TEST_HOST = "$(BUILT_PRODUCTS_DIR)/HitList.app/HitList";
			};
			name = Debug;
		};
		8BC74A871B66AD3C00194A55 /* Release */ = {
			isa = XCBuildConfiguration;
			buildSettings = {
				BUNDLE_LOADER = "$(TEST_HOST)";
				FRAMEWORK_SEARCH_PATHS = (
					"$(SDKROOT)/Developer/Library/Frameworks",
					"$(inherited)",
				);
				INFOPLIST_FILE = HitListTests/Info.plist;
				LD_RUNPATH_SEARCH_PATHS = "$(inherited) @executable_path/Frameworks @loader_path/Frameworks";
				PRODUCT_NAME = "$(TARGET_NAME)";
				TEST_HOST = "$(BUILT_PRODUCTS_DIR)/HitList.app/HitList";
			};
			name = Release;
		};
/* End XCBuildConfiguration section */

/* Begin XCConfigurationList section */
		8BC74A5B1B66AD3B00194A55 /* Build configuration list for PBXProject "HitList" */ = {
			isa = XCConfigurationList;
			buildConfigurations = (
				8BC74A801B66AD3C00194A55 /* Debug */,
				8BC74A811B66AD3C00194A55 /* Release */,
			);
			defaultConfigurationIsVisible = 0;
			defaultConfigurationName = Release;
		};
		8BC74A821B66AD3C00194A55 /* Build configuration list for PBXNativeTarget "HitList" */ = {
			isa = XCConfigurationList;
			buildConfigurations = (
				8BC74A831B66AD3C00194A55 /* Debug */,
				8BC74A841B66AD3C00194A55 /* Release */,
			);
			defaultConfigurationIsVisible = 0;
		};
		8BC74A851B66AD3C00194A55 /* Build configuration list for PBXNativeTarget "HitListTests" */ = {
			isa = XCConfigurationList;
			buildConfigurations = (
				8BC74A861B66AD3C00194A55 /* Debug */,
				8BC74A871B66AD3C00194A55 /* Release */,
			);
			defaultConfigurationIsVisible = 0;
		};
/* End XCConfigurationList section */

/* Begin XCVersionGroup section */
		8BC74A671B66AD3C00194A55 /* HitList.xcdatamodeld */ = {
			isa = XCVersionGroup;
			children = (
				8BC74A681B66AD3C00194A55 /* HitList.xcdatamodel */,
			);
			currentVersion = 8BC74A681B66AD3C00194A55 /* HitList.xcdatamodel */;
			path = HitList.xcdatamodeld;
			sourceTree = "<group>";
			versionGroupType = wrapper.xcdatamodel;
		};
/* End XCVersionGroup section */
	};
	rootObject = 8BC74A581B66AD3B00194A55 /* Project object */;
}
