// !$*UTF8*$!
{
	archiveVersion = 1;
	classes = {
	};
	objectVersion = 46;
	objects = {

/* Begin PBXBuildFile section */
		8BCF23B61B7B7C4B000B41B1 /* main.m in Sources */ = {isa = PBXBuildFile; fileRef = 8BCF23B51B7B7C4B000B41B1 /* main.m */; };
		8BCF23B91B7B7C4B000B41B1 /* AppDelegate.m in Sources */ = {isa = PBXBuildFile; fileRef = 8BCF23B81B7B7C4B000B41B1 /* AppDelegate.m */; };
		8BCF23BF1B7B7C4B000B41B1 /* Main.storyboard in Resources */ = {isa = PBXBuildFile; fileRef = 8BCF23BD1B7B7C4B000B41B1 /* Main.storyboard */; };
		8BCF23C11B7B7C4B000B41B1 /* Images.xcassets in Resources */ = {isa = PBXBuildFile; fileRef = 8BCF23C01B7B7C4B000B41B1 /* Images.xcassets */; };
		8BCF23C41B7B7C4B000B41B1 /* LaunchScreen.xib in Resources */ = {isa = PBXBuildFile; fileRef = 8BCF23C21B7B7C4B000B41B1 /* LaunchScreen.xib */; };
		8BCF23D01B7B7C4B000B41B1 /* _8__IronTunesTests.m in Sources */ = {isa = PBXBuildFile; fileRef = 8BCF23CF1B7B7C4B000B41B1 /* _8__IronTunesTests.m */; };
		8BCF23DB1B7B7F06000B41B1 /* NowPlayingViewController.m in Sources */ = {isa = PBXBuildFile; fileRef = 8BCF23DA1B7B7F06000B41B1 /* NowPlayingViewController.m */; };
		8BCF23DD1B7B8802000B41B1 /* CannedHeat.mp3 in Resources */ = {isa = PBXBuildFile; fileRef = 8BCF23DC1B7B8802000B41B1 /* CannedHeat.mp3 */; };
		8BCF23DF1B7BB66B000B41B1 /* BackgroundMusic.mp3 in Resources */ = {isa = PBXBuildFile; fileRef = 8BCF23DE1B7BB66B000B41B1 /* BackgroundMusic.mp3 */; };
		8BCF23E31B7BBD8D000B41B1 /* Song.m in Sources */ = {isa = PBXBuildFile; fileRef = 8BCF23E21B7BBD8D000B41B1 /* Song.m */; };
		8BCF23E51B7BBFE2000B41B1 /* Napoleon.jpg in Resources */ = {isa = PBXBuildFile; fileRef = 8BCF23E41B7BBFE2000B41B1 /* Napoleon.jpg */; };
		8BCF23E71B7BC10F000B41B1 /* Turd.jpg in Resources */ = {isa = PBXBuildFile; fileRef = 8BCF23E61B7BC10F000B41B1 /* Turd.jpg */; };
/* End PBXBuildFile section */

/* Begin PBXContainerItemProxy section */
		8BCF23CA1B7B7C4B000B41B1 /* PBXContainerItemProxy */ = {
			isa = PBXContainerItemProxy;
			containerPortal = 8BCF23A81B7B7C4B000B41B1 /* Project object */;
			proxyType = 1;
			remoteGlobalIDString = 8BCF23AF1B7B7C4B000B41B1;
			remoteInfo = "48--IronTunes";
		};
/* End PBXContainerItemProxy section */

/* Begin PBXFileReference section */
		8BCF23B01B7B7C4B000B41B1 /* 48--IronTunes.app */ = {isa = PBXFileReference; explicitFileType = wrapper.application; includeInIndex = 0; path = "48--IronTunes.app"; sourceTree = BUILT_PRODUCTS_DIR; };
		8BCF23B41B7B7C4B000B41B1 /* Info.plist */ = {isa = PBXFileReference; lastKnownFileType = text.plist.xml; path = Info.plist; sourceTree = "<group>"; };
		8BCF23B51B7B7C4B000B41B1 /* main.m */ = {isa = PBXFileReference; lastKnownFileType = sourcecode.c.objc; path = main.m; sourceTree = "<group>"; };
		8BCF23B71B7B7C4B000B41B1 /* AppDelegate.h */ = {isa = PBXFileReference; lastKnownFileType = sourcecode.c.h; path = AppDelegate.h; sourceTree = "<group>"; };
		8BCF23B81B7B7C4B000B41B1 /* AppDelegate.m */ = {isa = PBXFileReference; lastKnownFileType = sourcecode.c.objc; path = AppDelegate.m; sourceTree = "<group>"; };
		8BCF23BE1B7B7C4B000B41B1 /* Base */ = {isa = PBXFileReference; lastKnownFileType = file.storyboard; name = Base; path = Base.lproj/Main.storyboard; sourceTree = "<group>"; };
		8BCF23C01B7B7C4B000B41B1 /* Images.xcassets */ = {isa = PBXFileReference; lastKnownFileType = folder.assetcatalog; path = Images.xcassets; sourceTree = "<group>"; };
		8BCF23C31B7B7C4B000B41B1 /* Base */ = {isa = PBXFileReference; lastKnownFileType = file.xib; name = Base; path = Base.lproj/LaunchScreen.xib; sourceTree = "<group>"; };
		8BCF23C91B7B7C4B000B41B1 /* 48--IronTunesTests.xctest */ = {isa = PBXFileReference; explicitFileType = wrapper.cfbundle; includeInIndex = 0; path = "48--IronTunesTests.xctest"; sourceTree = BUILT_PRODUCTS_DIR; };
		8BCF23CE1B7B7C4B000B41B1 /* Info.plist */ = {isa = PBXFileReference; lastKnownFileType = text.plist.xml; path = Info.plist; sourceTree = "<group>"; };
		8BCF23CF1B7B7C4B000B41B1 /* _8__IronTunesTests.m */ = {isa = PBXFileReference; lastKnownFileType = sourcecode.c.objc; path = _8__IronTunesTests.m; sourceTree = "<group>"; };
		8BCF23D91B7B7F06000B41B1 /* NowPlayingViewController.h */ = {isa = PBXFileReference; fileEncoding = 4; lastKnownFileType = sourcecode.c.h; path = NowPlayingViewController.h; sourceTree = "<group>"; };
		8BCF23DA1B7B7F06000B41B1 /* NowPlayingViewController.m */ = {isa = PBXFileReference; fileEncoding = 4; lastKnownFileType = sourcecode.c.objc; path = NowPlayingViewController.m; sourceTree = "<group>"; };
		8BCF23DC1B7B8802000B41B1 /* CannedHeat.mp3 */ = {isa = PBXFileReference; lastKnownFileType = audio.mp3; path = CannedHeat.mp3; sourceTree = "<group>"; };
		8BCF23DE1B7BB66B000B41B1 /* BackgroundMusic.mp3 */ = {isa = PBXFileReference; lastKnownFileType = audio.mp3; path = BackgroundMusic.mp3; sourceTree = "<group>"; };
		8BCF23E11B7BBD8D000B41B1 /* Song.h */ = {isa = PBXFileReference; fileEncoding = 4; lastKnownFileType = sourcecode.c.h; path = Song.h; sourceTree = "<group>"; };
		8BCF23E21B7BBD8D000B41B1 /* Song.m */ = {isa = PBXFileReference; fileEncoding = 4; lastKnownFileType = sourcecode.c.objc; path = Song.m; sourceTree = "<group>"; };
		8BCF23E41B7BBFE2000B41B1 /* Napoleon.jpg */ = {isa = PBXFileReference; lastKnownFileType = image.jpeg; path = Napoleon.jpg; sourceTree = "<group>"; };
		8BCF23E61B7BC10F000B41B1 /* Turd.jpg */ = {isa = PBXFileReference; lastKnownFileType = image.jpeg; path = Turd.jpg; sourceTree = "<group>"; };
/* End PBXFileReference section */

/* Begin PBXFrameworksBuildPhase section */
		8BCF23AD1B7B7C4B000B41B1 /* Frameworks */ = {
			isa = PBXFrameworksBuildPhase;
			buildActionMask = 2147483647;
			files = (
			);
			runOnlyForDeploymentPostprocessing = 0;
		};
		8BCF23C61B7B7C4B000B41B1 /* Frameworks */ = {
			isa = PBXFrameworksBuildPhase;
			buildActionMask = 2147483647;
			files = (
			);
			runOnlyForDeploymentPostprocessing = 0;
		};
/* End PBXFrameworksBuildPhase section */

/* Begin PBXGroup section */
		8BCF23A71B7B7C4B000B41B1 = {
			isa = PBXGroup;
			children = (
				8BCF23B21B7B7C4B000B41B1 /* 48--IronTunes */,
				8BCF23CC1B7B7C4B000B41B1 /* 48--IronTunesTests */,
				8BCF23B11B7B7C4B000B41B1 /* Products */,
			);
			sourceTree = "<group>";
		};
		8BCF23B11B7B7C4B000B41B1 /* Products */ = {
			isa = PBXGroup;
			children = (
				8BCF23B01B7B7C4B000B41B1 /* 48--IronTunes.app */,
				8BCF23C91B7B7C4B000B41B1 /* 48--IronTunesTests.xctest */,
			);
			name = Products;
			sourceTree = "<group>";
		};
		8BCF23B21B7B7C4B000B41B1 /* 48--IronTunes */ = {
			isa = PBXGroup;
			children = (
				8BCF23B71B7B7C4B000B41B1 /* AppDelegate.h */,
				8BCF23B81B7B7C4B000B41B1 /* AppDelegate.m */,
				8BCF23BD1B7B7C4B000B41B1 /* Main.storyboard */,
				8BCF23D91B7B7F06000B41B1 /* NowPlayingViewController.h */,
				8BCF23DA1B7B7F06000B41B1 /* NowPlayingViewController.m */,
				8BCF23E11B7BBD8D000B41B1 /* Song.h */,
				8BCF23E21B7BBD8D000B41B1 /* Song.m */,
				8BCF23DC1B7B8802000B41B1 /* CannedHeat.mp3 */,
				8BCF23DE1B7BB66B000B41B1 /* BackgroundMusic.mp3 */,
				8BCF23E41B7BBFE2000B41B1 /* Napoleon.jpg */,
				8BCF23E61B7BC10F000B41B1 /* Turd.jpg */,
				8BCF23C01B7B7C4B000B41B1 /* Images.xcassets */,
				8BCF23C21B7B7C4B000B41B1 /* LaunchScreen.xib */,
				8BCF23B31B7B7C4B000B41B1 /* Supporting Files */,
			);
			path = "48--IronTunes";
			sourceTree = "<group>";
		};
		8BCF23B31B7B7C4B000B41B1 /* Supporting Files */ = {
			isa = PBXGroup;
			children = (
				8BCF23B41B7B7C4B000B41B1 /* Info.plist */,
				8BCF23B51B7B7C4B000B41B1 /* main.m */,
			);
			name = "Supporting Files";
			sourceTree = "<group>";
		};
		8BCF23CC1B7B7C4B000B41B1 /* 48--IronTunesTests */ = {
			isa = PBXGroup;
			children = (
				8BCF23CF1B7B7C4B000B41B1 /* _8__IronTunesTests.m */,
				8BCF23CD1B7B7C4B000B41B1 /* Supporting Files */,
			);
			path = "48--IronTunesTests";
			sourceTree = "<group>";
		};
		8BCF23CD1B7B7C4B000B41B1 /* Supporting Files */ = {
			isa = PBXGroup;
			children = (
				8BCF23CE1B7B7C4B000B41B1 /* Info.plist */,
			);
			name = "Supporting Files";
			sourceTree = "<group>";
		};
/* End PBXGroup section */

/* Begin PBXNativeTarget section */
		8BCF23AF1B7B7C4B000B41B1 /* 48--IronTunes */ = {
			isa = PBXNativeTarget;
			buildConfigurationList = 8BCF23D31B7B7C4B000B41B1 /* Build configuration list for PBXNativeTarget "48--IronTunes" */;
			buildPhases = (
				8BCF23AC1B7B7C4B000B41B1 /* Sources */,
				8BCF23AD1B7B7C4B000B41B1 /* Frameworks */,
				8BCF23AE1B7B7C4B000B41B1 /* Resources */,
			);
			buildRules = (
			);
			dependencies = (
			);
			name = "48--IronTunes";
			productName = "48--IronTunes";
			productReference = 8BCF23B01B7B7C4B000B41B1 /* 48--IronTunes.app */;
			productType = "com.apple.product-type.application";
		};
		8BCF23C81B7B7C4B000B41B1 /* 48--IronTunesTests */ = {
			isa = PBXNativeTarget;
			buildConfigurationList = 8BCF23D61B7B7C4B000B41B1 /* Build configuration list for PBXNativeTarget "48--IronTunesTests" */;
			buildPhases = (
				8BCF23C51B7B7C4B000B41B1 /* Sources */,
				8BCF23C61B7B7C4B000B41B1 /* Frameworks */,
				8BCF23C71B7B7C4B000B41B1 /* Resources */,
			);
			buildRules = (
			);
			dependencies = (
				8BCF23CB1B7B7C4B000B41B1 /* PBXTargetDependency */,
			);
			name = "48--IronTunesTests";
			productName = "48--IronTunesTests";
			productReference = 8BCF23C91B7B7C4B000B41B1 /* 48--IronTunesTests.xctest */;
			productType = "com.apple.product-type.bundle.unit-test";
		};
/* End PBXNativeTarget section */

/* Begin PBXProject section */
		8BCF23A81B7B7C4B000B41B1 /* Project object */ = {
			isa = PBXProject;
			attributes = {
				LastUpgradeCheck = 0640;
				ORGANIZATIONNAME = "The Iron Yard";
				TargetAttributes = {
					8BCF23AF1B7B7C4B000B41B1 = {
						CreatedOnToolsVersion = 6.4;
					};
					8BCF23C81B7B7C4B000B41B1 = {
						CreatedOnToolsVersion = 6.4;
						TestTargetID = 8BCF23AF1B7B7C4B000B41B1;
					};
				};
			};
			buildConfigurationList = 8BCF23AB1B7B7C4B000B41B1 /* Build configuration list for PBXProject "48--IronTunes" */;
			compatibilityVersion = "Xcode 3.2";
			developmentRegion = English;
			hasScannedForEncodings = 0;
			knownRegions = (
				en,
				Base,
			);
			mainGroup = 8BCF23A71B7B7C4B000B41B1;
			productRefGroup = 8BCF23B11B7B7C4B000B41B1 /* Products */;
			projectDirPath = "";
			projectRoot = "";
			targets = (
				8BCF23AF1B7B7C4B000B41B1 /* 48--IronTunes */,
				8BCF23C81B7B7C4B000B41B1 /* 48--IronTunesTests */,
			);
		};
/* End PBXProject section */

/* Begin PBXResourcesBuildPhase section */
		8BCF23AE1B7B7C4B000B41B1 /* Resources */ = {
			isa = PBXResourcesBuildPhase;
			buildActionMask = 2147483647;
			files = (
				8BCF23BF1B7B7C4B000B41B1 /* Main.storyboard in Resources */,
				8BCF23C41B7B7C4B000B41B1 /* LaunchScreen.xib in Resources */,
				8BCF23DF1B7BB66B000B41B1 /* BackgroundMusic.mp3 in Resources */,
				8BCF23E71B7BC10F000B41B1 /* Turd.jpg in Resources */,
				8BCF23C11B7B7C4B000B41B1 /* Images.xcassets in Resources */,
				8BCF23DD1B7B8802000B41B1 /* CannedHeat.mp3 in Resources */,
				8BCF23E51B7BBFE2000B41B1 /* Napoleon.jpg in Resources */,
			);
			runOnlyForDeploymentPostprocessing = 0;
		};
		8BCF23C71B7B7C4B000B41B1 /* Resources */ = {
			isa = PBXResourcesBuildPhase;
			buildActionMask = 2147483647;
			files = (
			);
			runOnlyForDeploymentPostprocessing = 0;
		};
/* End PBXResourcesBuildPhase section */

/* Begin PBXSourcesBuildPhase section */
		8BCF23AC1B7B7C4B000B41B1 /* Sources */ = {
			isa = PBXSourcesBuildPhase;
			buildActionMask = 2147483647;
			files = (
				8BCF23E31B7BBD8D000B41B1 /* Song.m in Sources */,
				8BCF23DB1B7B7F06000B41B1 /* NowPlayingViewController.m in Sources */,
				8BCF23B91B7B7C4B000B41B1 /* AppDelegate.m in Sources */,
				8BCF23B61B7B7C4B000B41B1 /* main.m in Sources */,
			);
			runOnlyForDeploymentPostprocessing = 0;
		};
		8BCF23C51B7B7C4B000B41B1 /* Sources */ = {
			isa = PBXSourcesBuildPhase;
			buildActionMask = 2147483647;
			files = (
				8BCF23D01B7B7C4B000B41B1 /* _8__IronTunesTests.m in Sources */,
			);
			runOnlyForDeploymentPostprocessing = 0;
		};
/* End PBXSourcesBuildPhase section */

/* Begin PBXTargetDependency section */
		8BCF23CB1B7B7C4B000B41B1 /* PBXTargetDependency */ = {
			isa = PBXTargetDependency;
			target = 8BCF23AF1B7B7C4B000B41B1 /* 48--IronTunes */;
			targetProxy = 8BCF23CA1B7B7C4B000B41B1 /* PBXContainerItemProxy */;
		};
/* End PBXTargetDependency section */

/* Begin PBXVariantGroup section */
		8BCF23BD1B7B7C4B000B41B1 /* Main.storyboard */ = {
			isa = PBXVariantGroup;
			children = (
				8BCF23BE1B7B7C4B000B41B1 /* Base */,
			);
			name = Main.storyboard;
			sourceTree = "<group>";
		};
		8BCF23C21B7B7C4B000B41B1 /* LaunchScreen.xib */ = {
			isa = PBXVariantGroup;
			children = (
				8BCF23C31B7B7C4B000B41B1 /* Base */,
			);
			name = LaunchScreen.xib;
			sourceTree = "<group>";
		};
/* End PBXVariantGroup section */

/* Begin XCBuildConfiguration section */
		8BCF23D11B7B7C4B000B41B1 /* Debug */ = {
			isa = XCBuildConfiguration;
			buildSettings = {
				ALWAYS_SEARCH_USER_PATHS = NO;
				CLANG_CXX_LANGUAGE_STANDARD = "gnu++0x";
				CLANG_CXX_LIBRARY = "libc++";
				CLANG_ENABLE_MODULES = YES;
				CLANG_ENABLE_OBJC_ARC = YES;
				CLANG_WARN_BOOL_CONVERSION = YES;
				CLANG_WARN_CONSTANT_CONVERSION = YES;
				CLANG_WARN_DIRECT_OBJC_ISA_USAGE = YES_ERROR;
				CLANG_WARN_EMPTY_BODY = YES;
				CLANG_WARN_ENUM_CONVERSION = YES;
				CLANG_WARN_INT_CONVERSION = YES;
				CLANG_WARN_OBJC_ROOT_CLASS = YES_ERROR;
				CLANG_WARN_UNREACHABLE_CODE = YES;
				CLANG_WARN__DUPLICATE_METHOD_MATCH = YES;
				"CODE_SIGN_IDENTITY[sdk=iphoneos*]" = "iPhone Developer";
				COPY_PHASE_STRIP = NO;
				DEBUG_INFORMATION_FORMAT = "dwarf-with-dsym";
				ENABLE_STRICT_OBJC_MSGSEND = YES;
				GCC_C_LANGUAGE_STANDARD = gnu99;
				GCC_DYNAMIC_NO_PIC = NO;
				GCC_NO_COMMON_BLOCKS = YES;
				GCC_OPTIMIZATION_LEVEL = 0;
				GCC_PREPROCESSOR_DEFINITIONS = (
					"DEBUG=1",
					"$(inherited)",
				);
				GCC_SYMBOLS_PRIVATE_EXTERN = NO;
				GCC_WARN_64_TO_32_BIT_CONVERSION = YES;
				GCC_WARN_ABOUT_RETURN_TYPE = YES_ERROR;
				GCC_WARN_UNDECLARED_SELECTOR = YES;
				GCC_WARN_UNINITIALIZED_AUTOS = YES_AGGRESSIVE;
				GCC_WARN_UNUSED_FUNCTION = YES;
				GCC_WARN_UNUSED_VARIABLE = YES;
				IPHONEOS_DEPLOYMENT_TARGET = 8.4;
				MTL_ENABLE_DEBUG_INFO = YES;
				ONLY_ACTIVE_ARCH = YES;
				SDKROOT = iphoneos;
			};
			name = Debug;
		};
		8BCF23D21B7B7C4B000B41B1 /* Release */ = {
			isa = XCBuildConfiguration;
			buildSettings = {
				ALWAYS_SEARCH_USER_PATHS = NO;
				CLANG_CXX_LANGUAGE_STANDARD = "gnu++0x";
				CLANG_CXX_LIBRARY = "libc++";
				CLANG_ENABLE_MODULES = YES;
				CLANG_ENABLE_OBJC_ARC = YES;
				CLANG_WARN_BOOL_CONVERSION = YES;
				CLANG_WARN_CONSTANT_CONVERSION = YES;
				CLANG_WARN_DIRECT_OBJC_ISA_USAGE = YES_ERROR;
				CLANG_WARN_EMPTY_BODY = YES;
				CLANG_WARN_ENUM_CONVERSION = YES;
				CLANG_WARN_INT_CONVERSION = YES;
				CLANG_WARN_OBJC_ROOT_CLASS = YES_ERROR;
				CLANG_WARN_UNREACHABLE_CODE = YES;
				CLANG_WARN__DUPLICATE_METHOD_MATCH = YES;
				"CODE_SIGN_IDENTITY[sdk=iphoneos*]" = "iPhone Developer";
				COPY_PHASE_STRIP = NO;
				DEBUG_INFORMATION_FORMAT = "dwarf-with-dsym";
				ENABLE_NS_ASSERTIONS = NO;
				ENABLE_STRICT_OBJC_MSGSEND = YES;
				GCC_C_LANGUAGE_STANDARD = gnu99;
				GCC_NO_COMMON_BLOCKS = YES;
				GCC_WARN_64_TO_32_BIT_CONVERSION = YES;
				GCC_WARN_ABOUT_RETURN_TYPE = YES_ERROR;
				GCC_WARN_UNDECLARED_SELECTOR = YES;
				GCC_WARN_UNINITIALIZED_AUTOS = YES_AGGRESSIVE;
				GCC_WARN_UNUSED_FUNCTION = YES;
				GCC_WARN_UNUSED_VARIABLE = YES;
				IPHONEOS_DEPLOYMENT_TARGET = 8.4;
				MTL_ENABLE_DEBUG_INFO = NO;
				SDKROOT = iphoneos;
				VALIDATE_PRODUCT = YES;
			};
			name = Release;
		};
		8BCF23D41B7B7C4B000B41B1 /* Debug */ = {
			isa = XCBuildConfiguration;
			buildSettings = {
				ASSETCATALOG_COMPILER_APPICON_NAME = AppIcon;
				INFOPLIST_FILE = "48--IronTunes/Info.plist";
				LD_RUNPATH_SEARCH_PATHS = "$(inherited) @executable_path/Frameworks";
				PRODUCT_NAME = "$(TARGET_NAME)";
			};
			name = Debug;
		};
		8BCF23D51B7B7C4B000B41B1 /* Release */ = {
			isa = XCBuildConfiguration;
			buildSettings = {
				ASSETCATALOG_COMPILER_APPICON_NAME = AppIcon;
				INFOPLIST_FILE = "48--IronTunes/Info.plist";
				LD_RUNPATH_SEARCH_PATHS = "$(inherited) @executable_path/Frameworks";
				PRODUCT_NAME = "$(TARGET_NAME)";
			};
			name = Release;
		};
		8BCF23D71B7B7C4B000B41B1 /* Debug */ = {
			isa = XCBuildConfiguration;
			buildSettings = {
				BUNDLE_LOADER = "$(TEST_HOST)";
				FRAMEWORK_SEARCH_PATHS = (
					"$(SDKROOT)/Developer/Library/Frameworks",
					"$(inherited)",
				);
				GCC_PREPROCESSOR_DEFINITIONS = (
					"DEBUG=1",
					"$(inherited)",
				);
				INFOPLIST_FILE = "48--IronTunesTests/Info.plist";
				LD_RUNPATH_SEARCH_PATHS = "$(inherited) @executable_path/Frameworks @loader_path/Frameworks";
				PRODUCT_NAME = "$(TARGET_NAME)";
				TEST_HOST = "$(BUILT_PRODUCTS_DIR)/48--IronTunes.app/48--IronTunes";
			};
			name = Debug;
		};
		8BCF23D81B7B7C4B000B41B1 /* Release */ = {
			isa = XCBuildConfiguration;
			buildSettings = {
				BUNDLE_LOADER = "$(TEST_HOST)";
				FRAMEWORK_SEARCH_PATHS = (
					"$(SDKROOT)/Developer/Library/Frameworks",
					"$(inherited)",
				);
				INFOPLIST_FILE = "48--IronTunesTests/Info.plist";
				LD_RUNPATH_SEARCH_PATHS = "$(inherited) @executable_path/Frameworks @loader_path/Frameworks";
				PRODUCT_NAME = "$(TARGET_NAME)";
				TEST_HOST = "$(BUILT_PRODUCTS_DIR)/48--IronTunes.app/48--IronTunes";
			};
			name = Release;
		};
/* End XCBuildConfiguration section */

/* Begin XCConfigurationList section */
		8BCF23AB1B7B7C4B000B41B1 /* Build configuration list for PBXProject "48--IronTunes" */ = {
			isa = XCConfigurationList;
			buildConfigurations = (
				8BCF23D11B7B7C4B000B41B1 /* Debug */,
				8BCF23D21B7B7C4B000B41B1 /* Release */,
			);
			defaultConfigurationIsVisible = 0;
			defaultConfigurationName = Release;
		};
		8BCF23D31B7B7C4B000B41B1 /* Build configuration list for PBXNativeTarget "48--IronTunes" */ = {
			isa = XCConfigurationList;
			buildConfigurations = (
				8BCF23D41B7B7C4B000B41B1 /* Debug */,
				8BCF23D51B7B7C4B000B41B1 /* Release */,
			);
			defaultConfigurationIsVisible = 0;
			defaultConfigurationName = Release;
		};
		8BCF23D61B7B7C4B000B41B1 /* Build configuration list for PBXNativeTarget "48--IronTunesTests" */ = {
			isa = XCConfigurationList;
			buildConfigurations = (
				8BCF23D71B7B7C4B000B41B1 /* Debug */,
				8BCF23D81B7B7C4B000B41B1 /* Release */,
			);
			defaultConfigurationIsVisible = 0;
			defaultConfigurationName = Release;
		};
/* End XCConfigurationList section */
	};
	rootObject = 8BCF23A81B7B7C4B000B41B1 /* Project object */;
}
