// !$*UTF8*$!
{
	archiveVersion = 1;
	classes = {
	};
	objectVersion = 46;
	objects = {

/* Begin PBXBuildFile section */
		8B141CBB1B6BDCFC00C326C2 /* main.m in Sources */ = {isa = PBXBuildFile; fileRef = 8B141CBA1B6BDCFC00C326C2 /* main.m */; };
		8B141CBE1B6BDCFC00C326C2 /* AppDelegate.m in Sources */ = {isa = PBXBuildFile; fileRef = 8B141CBD1B6BDCFC00C326C2 /* AppDelegate.m */; };
		8B141CC61B6BDCFC00C326C2 /* Images.xcassets in Resources */ = {isa = PBXBuildFile; fileRef = 8B141CC51B6BDCFC00C326C2 /* Images.xcassets */; };
		8B141CC91B6BDCFC00C326C2 /* LaunchScreen.xib in Resources */ = {isa = PBXBuildFile; fileRef = 8B141CC71B6BDCFC00C326C2 /* LaunchScreen.xib */; };
		8B141CD51B6BDCFC00C326C2 /* _4VenueMenuTests.m in Sources */ = {isa = PBXBuildFile; fileRef = 8B141CD41B6BDCFC00C326C2 /* _4VenueMenuTests.m */; };
		8B141CE01B6BE03E00C326C2 /* FavoritesTableViewController.m in Sources */ = {isa = PBXBuildFile; fileRef = 8B141CDF1B6BE03E00C326C2 /* FavoritesTableViewController.m */; };
		8B141CE31B6BE7E900C326C2 /* FavoriteDetailViewController.m in Sources */ = {isa = PBXBuildFile; fileRef = 8B141CE21B6BE7E900C326C2 /* FavoriteDetailViewController.m */; };
		8B141CE91B6C01A900C326C2 /* RestaurantCell.m in Sources */ = {isa = PBXBuildFile; fileRef = 8B141CE81B6C01A900C326C2 /* RestaurantCell.m */; };
		8B141CEC1B6FA24800C326C2 /* NetworkManager.m in Sources */ = {isa = PBXBuildFile; fileRef = 8B141CEB1B6FA24800C326C2 /* NetworkManager.m */; };
		8B141CEF1B6FAD6D00C326C2 /* Venue.m in Sources */ = {isa = PBXBuildFile; fileRef = 8B141CEE1B6FAD6D00C326C2 /* Venue.m */; };
		8B141CF21B6FC39D00C326C2 /* SearchViewController.m in Sources */ = {isa = PBXBuildFile; fileRef = 8B141CF11B6FC39D00C326C2 /* SearchViewController.m */; };
		8BCB79DF1B6FE424002B22C5 /* Main.storyboard in Resources */ = {isa = PBXBuildFile; fileRef = 8BCB79DE1B6FE424002B22C5 /* Main.storyboard */; };
/* End PBXBuildFile section */

/* Begin PBXContainerItemProxy section */
		8B141CCF1B6BDCFC00C326C2 /* PBXContainerItemProxy */ = {
			isa = PBXContainerItemProxy;
			containerPortal = 8B141CAD1B6BDCFC00C326C2 /* Project object */;
			proxyType = 1;
			remoteGlobalIDString = 8B141CB41B6BDCFC00C326C2;
			remoteInfo = 34VenueMenu;
		};
/* End PBXContainerItemProxy section */

/* Begin PBXFileReference section */
		8B141CB51B6BDCFC00C326C2 /* 34VenueMenu.app */ = {isa = PBXFileReference; explicitFileType = wrapper.application; includeInIndex = 0; path = 34VenueMenu.app; sourceTree = BUILT_PRODUCTS_DIR; };
		8B141CB91B6BDCFC00C326C2 /* Info.plist */ = {isa = PBXFileReference; lastKnownFileType = text.plist.xml; path = Info.plist; sourceTree = "<group>"; };
		8B141CBA1B6BDCFC00C326C2 /* main.m */ = {isa = PBXFileReference; lastKnownFileType = sourcecode.c.objc; path = main.m; sourceTree = "<group>"; };
		8B141CBC1B6BDCFC00C326C2 /* AppDelegate.h */ = {isa = PBXFileReference; lastKnownFileType = sourcecode.c.h; path = AppDelegate.h; sourceTree = "<group>"; };
		8B141CBD1B6BDCFC00C326C2 /* AppDelegate.m */ = {isa = PBXFileReference; lastKnownFileType = sourcecode.c.objc; path = AppDelegate.m; sourceTree = "<group>"; };
		8B141CC51B6BDCFC00C326C2 /* Images.xcassets */ = {isa = PBXFileReference; lastKnownFileType = folder.assetcatalog; path = Images.xcassets; sourceTree = "<group>"; };
		8B141CC81B6BDCFC00C326C2 /* Base */ = {isa = PBXFileReference; lastKnownFileType = file.xib; name = Base; path = Base.lproj/LaunchScreen.xib; sourceTree = "<group>"; };
		8B141CCE1B6BDCFC00C326C2 /* 34VenueMenuTests.xctest */ = {isa = PBXFileReference; explicitFileType = wrapper.cfbundle; includeInIndex = 0; path = 34VenueMenuTests.xctest; sourceTree = BUILT_PRODUCTS_DIR; };
		8B141CD31B6BDCFC00C326C2 /* Info.plist */ = {isa = PBXFileReference; lastKnownFileType = text.plist.xml; path = Info.plist; sourceTree = "<group>"; };
		8B141CD41B6BDCFC00C326C2 /* _4VenueMenuTests.m */ = {isa = PBXFileReference; lastKnownFileType = sourcecode.c.objc; path = _4VenueMenuTests.m; sourceTree = "<group>"; };
		8B141CDE1B6BE03E00C326C2 /* FavoritesTableViewController.h */ = {isa = PBXFileReference; fileEncoding = 4; lastKnownFileType = sourcecode.c.h; path = FavoritesTableViewController.h; sourceTree = "<group>"; };
		8B141CDF1B6BE03E00C326C2 /* FavoritesTableViewController.m */ = {isa = PBXFileReference; fileEncoding = 4; lastKnownFileType = sourcecode.c.objc; path = FavoritesTableViewController.m; sourceTree = "<group>"; };
		8B141CE11B6BE7E900C326C2 /* FavoriteDetailViewController.h */ = {isa = PBXFileReference; fileEncoding = 4; lastKnownFileType = sourcecode.c.h; path = FavoriteDetailViewController.h; sourceTree = "<group>"; };
		8B141CE21B6BE7E900C326C2 /* FavoriteDetailViewController.m */ = {isa = PBXFileReference; fileEncoding = 4; lastKnownFileType = sourcecode.c.objc; path = FavoriteDetailViewController.m; sourceTree = "<group>"; };
		8B141CE71B6C01A900C326C2 /* RestaurantCell.h */ = {isa = PBXFileReference; fileEncoding = 4; lastKnownFileType = sourcecode.c.h; path = RestaurantCell.h; sourceTree = "<group>"; };
		8B141CE81B6C01A900C326C2 /* RestaurantCell.m */ = {isa = PBXFileReference; fileEncoding = 4; lastKnownFileType = sourcecode.c.objc; path = RestaurantCell.m; sourceTree = "<group>"; };
		8B141CEA1B6FA24800C326C2 /* NetworkManager.h */ = {isa = PBXFileReference; fileEncoding = 4; lastKnownFileType = sourcecode.c.h; path = NetworkManager.h; sourceTree = "<group>"; };
		8B141CEB1B6FA24800C326C2 /* NetworkManager.m */ = {isa = PBXFileReference; fileEncoding = 4; lastKnownFileType = sourcecode.c.objc; path = NetworkManager.m; sourceTree = "<group>"; };
		8B141CED1B6FAD6D00C326C2 /* Venue.h */ = {isa = PBXFileReference; fileEncoding = 4; lastKnownFileType = sourcecode.c.h; path = Venue.h; sourceTree = "<group>"; };
		8B141CEE1B6FAD6D00C326C2 /* Venue.m */ = {isa = PBXFileReference; fileEncoding = 4; lastKnownFileType = sourcecode.c.objc; path = Venue.m; sourceTree = "<group>"; };
		8B141CF01B6FC39D00C326C2 /* SearchViewController.h */ = {isa = PBXFileReference; fileEncoding = 4; lastKnownFileType = sourcecode.c.h; path = SearchViewController.h; sourceTree = "<group>"; };
		8B141CF11B6FC39D00C326C2 /* SearchViewController.m */ = {isa = PBXFileReference; fileEncoding = 4; lastKnownFileType = sourcecode.c.objc; path = SearchViewController.m; sourceTree = "<group>"; };
		8BCB79DE1B6FE424002B22C5 /* Main.storyboard */ = {isa = PBXFileReference; fileEncoding = 4; lastKnownFileType = file.storyboard; path = Main.storyboard; sourceTree = "<group>"; };
/* End PBXFileReference section */

/* Begin PBXFrameworksBuildPhase section */
		8B141CB21B6BDCFC00C326C2 /* Frameworks */ = {
			isa = PBXFrameworksBuildPhase;
			buildActionMask = 2147483647;
			files = (
			);
			runOnlyForDeploymentPostprocessing = 0;
		};
		8B141CCB1B6BDCFC00C326C2 /* Frameworks */ = {
			isa = PBXFrameworksBuildPhase;
			buildActionMask = 2147483647;
			files = (
			);
			runOnlyForDeploymentPostprocessing = 0;
		};
/* End PBXFrameworksBuildPhase section */

/* Begin PBXGroup section */
		8B141CAC1B6BDCFC00C326C2 = {
			isa = PBXGroup;
			children = (
				8B141CB71B6BDCFC00C326C2 /* 34VenueMenu */,
				8B141CD11B6BDCFC00C326C2 /* 34VenueMenuTests */,
				8B141CB61B6BDCFC00C326C2 /* Products */,
			);
			sourceTree = "<group>";
		};
		8B141CB61B6BDCFC00C326C2 /* Products */ = {
			isa = PBXGroup;
			children = (
				8B141CB51B6BDCFC00C326C2 /* 34VenueMenu.app */,
				8B141CCE1B6BDCFC00C326C2 /* 34VenueMenuTests.xctest */,
			);
			name = Products;
			sourceTree = "<group>";
		};
		8B141CB71B6BDCFC00C326C2 /* 34VenueMenu */ = {
			isa = PBXGroup;
			children = (
				8B141CBC1B6BDCFC00C326C2 /* AppDelegate.h */,
				8B141CBD1B6BDCFC00C326C2 /* AppDelegate.m */,
				8BCB79DE1B6FE424002B22C5 /* Main.storyboard */,
				8B141CDE1B6BE03E00C326C2 /* FavoritesTableViewController.h */,
				8B141CDF1B6BE03E00C326C2 /* FavoritesTableViewController.m */,
				8B141CE11B6BE7E900C326C2 /* FavoriteDetailViewController.h */,
				8B141CE21B6BE7E900C326C2 /* FavoriteDetailViewController.m */,
				8B141CF01B6FC39D00C326C2 /* SearchViewController.h */,
				8B141CF11B6FC39D00C326C2 /* SearchViewController.m */,
				8B141CE71B6C01A900C326C2 /* RestaurantCell.h */,
				8B141CE81B6C01A900C326C2 /* RestaurantCell.m */,
				8B141CEA1B6FA24800C326C2 /* NetworkManager.h */,
				8B141CEB1B6FA24800C326C2 /* NetworkManager.m */,
				8B141CED1B6FAD6D00C326C2 /* Venue.h */,
				8B141CEE1B6FAD6D00C326C2 /* Venue.m */,
				8B141CC51B6BDCFC00C326C2 /* Images.xcassets */,
				8B141CC71B6BDCFC00C326C2 /* LaunchScreen.xib */,
				8B141CB81B6BDCFC00C326C2 /* Supporting Files */,
			);
			path = 34VenueMenu;
			sourceTree = "<group>";
		};
		8B141CB81B6BDCFC00C326C2 /* Supporting Files */ = {
			isa = PBXGroup;
			children = (
				8B141CB91B6BDCFC00C326C2 /* Info.plist */,
				8B141CBA1B6BDCFC00C326C2 /* main.m */,
			);
			name = "Supporting Files";
			sourceTree = "<group>";
		};
		8B141CD11B6BDCFC00C326C2 /* 34VenueMenuTests */ = {
			isa = PBXGroup;
			children = (
				8B141CD41B6BDCFC00C326C2 /* _4VenueMenuTests.m */,
				8B141CD21B6BDCFC00C326C2 /* Supporting Files */,
			);
			path = 34VenueMenuTests;
			sourceTree = "<group>";
		};
		8B141CD21B6BDCFC00C326C2 /* Supporting Files */ = {
			isa = PBXGroup;
			children = (
				8B141CD31B6BDCFC00C326C2 /* Info.plist */,
			);
			name = "Supporting Files";
			sourceTree = "<group>";
		};
/* End PBXGroup section */

/* Begin PBXNativeTarget section */
		8B141CB41B6BDCFC00C326C2 /* 34VenueMenu */ = {
			isa = PBXNativeTarget;
			buildConfigurationList = 8B141CD81B6BDCFC00C326C2 /* Build configuration list for PBXNativeTarget "34VenueMenu" */;
			buildPhases = (
				8B141CB11B6BDCFC00C326C2 /* Sources */,
				8B141CB21B6BDCFC00C326C2 /* Frameworks */,
				8B141CB31B6BDCFC00C326C2 /* Resources */,
			);
			buildRules = (
			);
			dependencies = (
			);
			name = 34VenueMenu;
			productName = 34VenueMenu;
			productReference = 8B141CB51B6BDCFC00C326C2 /* 34VenueMenu.app */;
			productType = "com.apple.product-type.application";
		};
		8B141CCD1B6BDCFC00C326C2 /* 34VenueMenuTests */ = {
			isa = PBXNativeTarget;
			buildConfigurationList = 8B141CDB1B6BDCFC00C326C2 /* Build configuration list for PBXNativeTarget "34VenueMenuTests" */;
			buildPhases = (
				8B141CCA1B6BDCFC00C326C2 /* Sources */,
				8B141CCB1B6BDCFC00C326C2 /* Frameworks */,
				8B141CCC1B6BDCFC00C326C2 /* Resources */,
			);
			buildRules = (
			);
			dependencies = (
				8B141CD01B6BDCFC00C326C2 /* PBXTargetDependency */,
			);
			name = 34VenueMenuTests;
			productName = 34VenueMenuTests;
			productReference = 8B141CCE1B6BDCFC00C326C2 /* 34VenueMenuTests.xctest */;
			productType = "com.apple.product-type.bundle.unit-test";
		};
/* End PBXNativeTarget section */

/* Begin PBXProject section */
		8B141CAD1B6BDCFC00C326C2 /* Project object */ = {
			isa = PBXProject;
			attributes = {
				LastUpgradeCheck = 0640;
				ORGANIZATIONNAME = "The Iron Yard";
				TargetAttributes = {
					8B141CB41B6BDCFC00C326C2 = {
						CreatedOnToolsVersion = 6.4;
					};
					8B141CCD1B6BDCFC00C326C2 = {
						CreatedOnToolsVersion = 6.4;
						TestTargetID = 8B141CB41B6BDCFC00C326C2;
					};
				};
			};
			buildConfigurationList = 8B141CB01B6BDCFC00C326C2 /* Build configuration list for PBXProject "34VenueMenu" */;
			compatibilityVersion = "Xcode 3.2";
			developmentRegion = English;
			hasScannedForEncodings = 0;
			knownRegions = (
				en,
				Base,
			);
			mainGroup = 8B141CAC1B6BDCFC00C326C2;
			productRefGroup = 8B141CB61B6BDCFC00C326C2 /* Products */;
			projectDirPath = "";
			projectRoot = "";
			targets = (
				8B141CB41B6BDCFC00C326C2 /* 34VenueMenu */,
				8B141CCD1B6BDCFC00C326C2 /* 34VenueMenuTests */,
			);
		};
/* End PBXProject section */

/* Begin PBXResourcesBuildPhase section */
		8B141CB31B6BDCFC00C326C2 /* Resources */ = {
			isa = PBXResourcesBuildPhase;
			buildActionMask = 2147483647;
			files = (
				8BCB79DF1B6FE424002B22C5 /* Main.storyboard in Resources */,
				8B141CC91B6BDCFC00C326C2 /* LaunchScreen.xib in Resources */,
				8B141CC61B6BDCFC00C326C2 /* Images.xcassets in Resources */,
			);
			runOnlyForDeploymentPostprocessing = 0;
		};
		8B141CCC1B6BDCFC00C326C2 /* Resources */ = {
			isa = PBXResourcesBuildPhase;
			buildActionMask = 2147483647;
			files = (
			);
			runOnlyForDeploymentPostprocessing = 0;
		};
/* End PBXResourcesBuildPhase section */

/* Begin PBXSourcesBuildPhase section */
		8B141CB11B6BDCFC00C326C2 /* Sources */ = {
			isa = PBXSourcesBuildPhase;
			buildActionMask = 2147483647;
			files = (
				8B141CE91B6C01A900C326C2 /* RestaurantCell.m in Sources */,
				8B141CE01B6BE03E00C326C2 /* FavoritesTableViewController.m in Sources */,
				8B141CEF1B6FAD6D00C326C2 /* Venue.m in Sources */,
				8B141CBE1B6BDCFC00C326C2 /* AppDelegate.m in Sources */,
				8B141CBB1B6BDCFC00C326C2 /* main.m in Sources */,
				8B141CEC1B6FA24800C326C2 /* NetworkManager.m in Sources */,
				8B141CF21B6FC39D00C326C2 /* SearchViewController.m in Sources */,
				8B141CE31B6BE7E900C326C2 /* FavoriteDetailViewController.m in Sources */,
			);
			runOnlyForDeploymentPostprocessing = 0;
		};
		8B141CCA1B6BDCFC00C326C2 /* Sources */ = {
			isa = PBXSourcesBuildPhase;
			buildActionMask = 2147483647;
			files = (
				8B141CD51B6BDCFC00C326C2 /* _4VenueMenuTests.m in Sources */,
			);
			runOnlyForDeploymentPostprocessing = 0;
		};
/* End PBXSourcesBuildPhase section */

/* Begin PBXTargetDependency section */
		8B141CD01B6BDCFC00C326C2 /* PBXTargetDependency */ = {
			isa = PBXTargetDependency;
			target = 8B141CB41B6BDCFC00C326C2 /* 34VenueMenu */;
			targetProxy = 8B141CCF1B6BDCFC00C326C2 /* PBXContainerItemProxy */;
		};
/* End PBXTargetDependency section */

/* Begin PBXVariantGroup section */
		8B141CC71B6BDCFC00C326C2 /* LaunchScreen.xib */ = {
			isa = PBXVariantGroup;
			children = (
				8B141CC81B6BDCFC00C326C2 /* Base */,
			);
			name = LaunchScreen.xib;
			sourceTree = "<group>";
		};
/* End PBXVariantGroup section */

/* Begin XCBuildConfiguration section */
		8B141CD61B6BDCFC00C326C2 /* Debug */ = {
			isa = XCBuildConfiguration;
			buildSettings = {
				ALWAYS_SEARCH_USER_PATHS = NO;
				CLANG_CXX_LANGUAGE_STANDARD = "gnu++0x";
				CLANG_CXX_LIBRARY = "libc++";
				CLANG_ENABLE_MODULES = YES;
				CLANG_ENABLE_OBJC_ARC = YES;
				CLANG_WARN_BOOL_CONVERSION = YES;
				CLANG_WARN_CONSTANT_CONVERSION = YES;
				CLANG_WARN_DIRECT_OBJC_ISA_USAGE = YES_ERROR;
				CLANG_WARN_EMPTY_BODY = YES;
				CLANG_WARN_ENUM_CONVERSION = YES;
				CLANG_WARN_INT_CONVERSION = YES;
				CLANG_WARN_OBJC_ROOT_CLASS = YES_ERROR;
				CLANG_WARN_UNREACHABLE_CODE = YES;
				CLANG_WARN__DUPLICATE_METHOD_MATCH = YES;
				"CODE_SIGN_IDENTITY[sdk=iphoneos*]" = "iPhone Developer";
				COPY_PHASE_STRIP = NO;
				DEBUG_INFORMATION_FORMAT = "dwarf-with-dsym";
				ENABLE_STRICT_OBJC_MSGSEND = YES;
				GCC_C_LANGUAGE_STANDARD = gnu99;
				GCC_DYNAMIC_NO_PIC = NO;
				GCC_NO_COMMON_BLOCKS = YES;
				GCC_OPTIMIZATION_LEVEL = 0;
				GCC_PREPROCESSOR_DEFINITIONS = (
					"DEBUG=1",
					"$(inherited)",
				);
				GCC_SYMBOLS_PRIVATE_EXTERN = NO;
				GCC_WARN_64_TO_32_BIT_CONVERSION = YES;
				GCC_WARN_ABOUT_RETURN_TYPE = YES_ERROR;
				GCC_WARN_UNDECLARED_SELECTOR = YES;
				GCC_WARN_UNINITIALIZED_AUTOS = YES_AGGRESSIVE;
				GCC_WARN_UNUSED_FUNCTION = YES;
				GCC_WARN_UNUSED_VARIABLE = YES;
				IPHONEOS_DEPLOYMENT_TARGET = 8.4;
				MTL_ENABLE_DEBUG_INFO = YES;
				ONLY_ACTIVE_ARCH = YES;
				SDKROOT = iphoneos;
			};
			name = Debug;
		};
		8B141CD71B6BDCFC00C326C2 /* Release */ = {
			isa = XCBuildConfiguration;
			buildSettings = {
				ALWAYS_SEARCH_USER_PATHS = NO;
				CLANG_CXX_LANGUAGE_STANDARD = "gnu++0x";
				CLANG_CXX_LIBRARY = "libc++";
				CLANG_ENABLE_MODULES = YES;
				CLANG_ENABLE_OBJC_ARC = YES;
				CLANG_WARN_BOOL_CONVERSION = YES;
				CLANG_WARN_CONSTANT_CONVERSION = YES;
				CLANG_WARN_DIRECT_OBJC_ISA_USAGE = YES_ERROR;
				CLANG_WARN_EMPTY_BODY = YES;
				CLANG_WARN_ENUM_CONVERSION = YES;
				CLANG_WARN_INT_CONVERSION = YES;
				CLANG_WARN_OBJC_ROOT_CLASS = YES_ERROR;
				CLANG_WARN_UNREACHABLE_CODE = YES;
				CLANG_WARN__DUPLICATE_METHOD_MATCH = YES;
				"CODE_SIGN_IDENTITY[sdk=iphoneos*]" = "iPhone Developer";
				COPY_PHASE_STRIP = NO;
				DEBUG_INFORMATION_FORMAT = "dwarf-with-dsym";
				ENABLE_NS_ASSERTIONS = NO;
				ENABLE_STRICT_OBJC_MSGSEND = YES;
				GCC_C_LANGUAGE_STANDARD = gnu99;
				GCC_NO_COMMON_BLOCKS = YES;
				GCC_WARN_64_TO_32_BIT_CONVERSION = YES;
				GCC_WARN_ABOUT_RETURN_TYPE = YES_ERROR;
				GCC_WARN_UNDECLARED_SELECTOR = YES;
				GCC_WARN_UNINITIALIZED_AUTOS = YES_AGGRESSIVE;
				GCC_WARN_UNUSED_FUNCTION = YES;
				GCC_WARN_UNUSED_VARIABLE = YES;
				IPHONEOS_DEPLOYMENT_TARGET = 8.4;
				MTL_ENABLE_DEBUG_INFO = NO;
				SDKROOT = iphoneos;
				VALIDATE_PRODUCT = YES;
			};
			name = Release;
		};
		8B141CD91B6BDCFC00C326C2 /* Debug */ = {
			isa = XCBuildConfiguration;
			buildSettings = {
				ASSETCATALOG_COMPILER_APPICON_NAME = AppIcon;
				INFOPLIST_FILE = 34VenueMenu/Info.plist;
				LD_RUNPATH_SEARCH_PATHS = "$(inherited) @executable_path/Frameworks";
				PRODUCT_NAME = "$(TARGET_NAME)";
			};
			name = Debug;
		};
		8B141CDA1B6BDCFC00C326C2 /* Release */ = {
			isa = XCBuildConfiguration;
			buildSettings = {
				ASSETCATALOG_COMPILER_APPICON_NAME = AppIcon;
				INFOPLIST_FILE = 34VenueMenu/Info.plist;
				LD_RUNPATH_SEARCH_PATHS = "$(inherited) @executable_path/Frameworks";
				PRODUCT_NAME = "$(TARGET_NAME)";
			};
			name = Release;
		};
		8B141CDC1B6BDCFC00C326C2 /* Debug */ = {
			isa = XCBuildConfiguration;
			buildSettings = {
				BUNDLE_LOADER = "$(TEST_HOST)";
				FRAMEWORK_SEARCH_PATHS = (
					"$(SDKROOT)/Developer/Library/Frameworks",
					"$(inherited)",
				);
				GCC_PREPROCESSOR_DEFINITIONS = (
					"DEBUG=1",
					"$(inherited)",
				);
				INFOPLIST_FILE = 34VenueMenuTests/Info.plist;
				LD_RUNPATH_SEARCH_PATHS = "$(inherited) @executable_path/Frameworks @loader_path/Frameworks";
				PRODUCT_NAME = "$(TARGET_NAME)";
				TEST_HOST = "$(BUILT_PRODUCTS_DIR)/34VenueMenu.app/34VenueMenu";
			};
			name = Debug;
		};
		8B141CDD1B6BDCFC00C326C2 /* Release */ = {
			isa = XCBuildConfiguration;
			buildSettings = {
				BUNDLE_LOADER = "$(TEST_HOST)";
				FRAMEWORK_SEARCH_PATHS = (
					"$(SDKROOT)/Developer/Library/Frameworks",
					"$(inherited)",
				);
				INFOPLIST_FILE = 34VenueMenuTests/Info.plist;
				LD_RUNPATH_SEARCH_PATHS = "$(inherited) @executable_path/Frameworks @loader_path/Frameworks";
				PRODUCT_NAME = "$(TARGET_NAME)";
				TEST_HOST = "$(BUILT_PRODUCTS_DIR)/34VenueMenu.app/34VenueMenu";
			};
			name = Release;
		};
/* End XCBuildConfiguration section */

/* Begin XCConfigurationList section */
		8B141CB01B6BDCFC00C326C2 /* Build configuration list for PBXProject "34VenueMenu" */ = {
			isa = XCConfigurationList;
			buildConfigurations = (
				8B141CD61B6BDCFC00C326C2 /* Debug */,
				8B141CD71B6BDCFC00C326C2 /* Release */,
			);
			defaultConfigurationIsVisible = 0;
			defaultConfigurationName = Release;
		};
		8B141CD81B6BDCFC00C326C2 /* Build configuration list for PBXNativeTarget "34VenueMenu" */ = {
			isa = XCConfigurationList;
			buildConfigurations = (
				8B141CD91B6BDCFC00C326C2 /* Debug */,
				8B141CDA1B6BDCFC00C326C2 /* Release */,
			);
			defaultConfigurationIsVisible = 0;
			defaultConfigurationName = Release;
		};
		8B141CDB1B6BDCFC00C326C2 /* Build configuration list for PBXNativeTarget "34VenueMenuTests" */ = {
			isa = XCConfigurationList;
			buildConfigurations = (
				8B141CDC1B6BDCFC00C326C2 /* Debug */,
				8B141CDD1B6BDCFC00C326C2 /* Release */,
			);
			defaultConfigurationIsVisible = 0;
			defaultConfigurationName = Release;
		};
/* End XCConfigurationList section */
	};
	rootObject = 8B141CAD1B6BDCFC00C326C2 /* Project object */;
}
