// !$*UTF8*$!
{
	archiveVersion = 1;
	classes = {
	};
	objectVersion = 46;
	objects = {

/* Begin PBXBuildFile section */
		8BCF23451B7512A2000B41B1 /* AppDelegate.swift in Sources */ = {isa = PBXBuildFile; fileRef = 8BCF23441B7512A2000B41B1 /* AppDelegate.swift */; };
		8BCF23471B7512A2000B41B1 /* GameScene.sks in Resources */ = {isa = PBXBuildFile; fileRef = 8BCF23461B7512A2000B41B1 /* GameScene.sks */; };
		8BCF23491B7512A2000B41B1 /* GameScene.swift in Sources */ = {isa = PBXBuildFile; fileRef = 8BCF23481B7512A2000B41B1 /* GameScene.swift */; };
		8BCF234B1B7512A2000B41B1 /* GameViewController.swift in Sources */ = {isa = PBXBuildFile; fileRef = 8BCF234A1B7512A2000B41B1 /* GameViewController.swift */; };
		8BCF234E1B7512A2000B41B1 /* Main.storyboard in Resources */ = {isa = PBXBuildFile; fileRef = 8BCF234C1B7512A2000B41B1 /* Main.storyboard */; };
		8BCF23501B7512A2000B41B1 /* Images.xcassets in Resources */ = {isa = PBXBuildFile; fileRef = 8BCF234F1B7512A2000B41B1 /* Images.xcassets */; };
		8BCF23531B7512A2000B41B1 /* LaunchScreen.xib in Resources */ = {isa = PBXBuildFile; fileRef = 8BCF23511B7512A2000B41B1 /* LaunchScreen.xib */; };
		8BCF235F1B7512A2000B41B1 /* Make_Something_BeautifulTests.swift in Sources */ = {isa = PBXBuildFile; fileRef = 8BCF235E1B7512A2000B41B1 /* Make_Something_BeautifulTests.swift */; };
		8BCF23691B764156000B41B1 /* Score.swift in Sources */ = {isa = PBXBuildFile; fileRef = 8BCF23681B764156000B41B1 /* Score.swift */; };
/* End PBXBuildFile section */

/* Begin PBXContainerItemProxy section */
		8BCF23591B7512A2000B41B1 /* PBXContainerItemProxy */ = {
			isa = PBXContainerItemProxy;
			containerPortal = 8BCF23371B7512A2000B41B1 /* Project object */;
			proxyType = 1;
			remoteGlobalIDString = 8BCF233E1B7512A2000B41B1;
			remoteInfo = "Make Something Beautiful";
		};
/* End PBXContainerItemProxy section */

/* Begin PBXFileReference section */
		8BCF233F1B7512A2000B41B1 /* Make Something Beautiful.app */ = {isa = PBXFileReference; explicitFileType = wrapper.application; includeInIndex = 0; path = "Make Something Beautiful.app"; sourceTree = BUILT_PRODUCTS_DIR; };
		8BCF23431B7512A2000B41B1 /* Info.plist */ = {isa = PBXFileReference; lastKnownFileType = text.plist.xml; path = Info.plist; sourceTree = "<group>"; };
		8BCF23441B7512A2000B41B1 /* AppDelegate.swift */ = {isa = PBXFileReference; lastKnownFileType = sourcecode.swift; path = AppDelegate.swift; sourceTree = "<group>"; };
		8BCF23461B7512A2000B41B1 /* GameScene.sks */ = {isa = PBXFileReference; lastKnownFileType = file.sks; path = GameScene.sks; sourceTree = "<group>"; };
		8BCF23481B7512A2000B41B1 /* GameScene.swift */ = {isa = PBXFileReference; lastKnownFileType = sourcecode.swift; path = GameScene.swift; sourceTree = "<group>"; };
		8BCF234A1B7512A2000B41B1 /* GameViewController.swift */ = {isa = PBXFileReference; lastKnownFileType = sourcecode.swift; path = GameViewController.swift; sourceTree = "<group>"; };
		8BCF234D1B7512A2000B41B1 /* Base */ = {isa = PBXFileReference; lastKnownFileType = file.storyboard; name = Base; path = Base.lproj/Main.storyboard; sourceTree = "<group>"; };
		8BCF234F1B7512A2000B41B1 /* Images.xcassets */ = {isa = PBXFileReference; lastKnownFileType = folder.assetcatalog; path = Images.xcassets; sourceTree = "<group>"; };
		8BCF23521B7512A2000B41B1 /* Base */ = {isa = PBXFileReference; lastKnownFileType = file.xib; name = Base; path = Base.lproj/LaunchScreen.xib; sourceTree = "<group>"; };
		8BCF23581B7512A2000B41B1 /* Make Something BeautifulTests.xctest */ = {isa = PBXFileReference; explicitFileType = wrapper.cfbundle; includeInIndex = 0; path = "Make Something BeautifulTests.xctest"; sourceTree = BUILT_PRODUCTS_DIR; };
		8BCF235D1B7512A2000B41B1 /* Info.plist */ = {isa = PBXFileReference; lastKnownFileType = text.plist.xml; path = Info.plist; sourceTree = "<group>"; };
		8BCF235E1B7512A2000B41B1 /* Make_Something_BeautifulTests.swift */ = {isa = PBXFileReference; lastKnownFileType = sourcecode.swift; path = Make_Something_BeautifulTests.swift; sourceTree = "<group>"; };
		8BCF23681B764156000B41B1 /* Score.swift */ = {isa = PBXFileReference; fileEncoding = 4; lastKnownFileType = sourcecode.swift; path = Score.swift; sourceTree = "<group>"; };
/* End PBXFileReference section */

/* Begin PBXFrameworksBuildPhase section */
		8BCF233C1B7512A2000B41B1 /* Frameworks */ = {
			isa = PBXFrameworksBuildPhase;
			buildActionMask = 2147483647;
			files = (
			);
			runOnlyForDeploymentPostprocessing = 0;
		};
		8BCF23551B7512A2000B41B1 /* Frameworks */ = {
			isa = PBXFrameworksBuildPhase;
			buildActionMask = 2147483647;
			files = (
			);
			runOnlyForDeploymentPostprocessing = 0;
		};
/* End PBXFrameworksBuildPhase section */

/* Begin PBXGroup section */
		8BCF23361B7512A2000B41B1 = {
			isa = PBXGroup;
			children = (
				8BCF23411B7512A2000B41B1 /* Make Something Beautiful */,
				8BCF235B1B7512A2000B41B1 /* Make Something BeautifulTests */,
				8BCF23401B7512A2000B41B1 /* Products */,
			);
			sourceTree = "<group>";
		};
		8BCF23401B7512A2000B41B1 /* Products */ = {
			isa = PBXGroup;
			children = (
				8BCF233F1B7512A2000B41B1 /* Make Something Beautiful.app */,
				8BCF23581B7512A2000B41B1 /* Make Something BeautifulTests.xctest */,
			);
			name = Products;
			sourceTree = "<group>";
		};
		8BCF23411B7512A2000B41B1 /* Make Something Beautiful */ = {
			isa = PBXGroup;
			children = (
				8BCF23441B7512A2000B41B1 /* AppDelegate.swift */,
				8BCF23461B7512A2000B41B1 /* GameScene.sks */,
				8BCF23481B7512A2000B41B1 /* GameScene.swift */,
				8BCF234A1B7512A2000B41B1 /* GameViewController.swift */,
				8BCF23681B764156000B41B1 /* Score.swift */,
				8BCF234C1B7512A2000B41B1 /* Main.storyboard */,
				8BCF234F1B7512A2000B41B1 /* Images.xcassets */,
				8BCF23511B7512A2000B41B1 /* LaunchScreen.xib */,
				8BCF23421B7512A2000B41B1 /* Supporting Files */,
			);
			path = "Make Something Beautiful";
			sourceTree = "<group>";
		};
		8BCF23421B7512A2000B41B1 /* Supporting Files */ = {
			isa = PBXGroup;
			children = (
				8BCF23431B7512A2000B41B1 /* Info.plist */,
			);
			name = "Supporting Files";
			sourceTree = "<group>";
		};
		8BCF235B1B7512A2000B41B1 /* Make Something BeautifulTests */ = {
			isa = PBXGroup;
			children = (
				8BCF235E1B7512A2000B41B1 /* Make_Something_BeautifulTests.swift */,
				8BCF235C1B7512A2000B41B1 /* Supporting Files */,
			);
			path = "Make Something BeautifulTests";
			sourceTree = "<group>";
		};
		8BCF235C1B7512A2000B41B1 /* Supporting Files */ = {
			isa = PBXGroup;
			children = (
				8BCF235D1B7512A2000B41B1 /* Info.plist */,
			);
			name = "Supporting Files";
			sourceTree = "<group>";
		};
/* End PBXGroup section */

/* Begin PBXNativeTarget section */
		8BCF233E1B7512A2000B41B1 /* Make Something Beautiful */ = {
			isa = PBXNativeTarget;
			buildConfigurationList = 8BCF23621B7512A2000B41B1 /* Build configuration list for PBXNativeTarget "Make Something Beautiful" */;
			buildPhases = (
				8BCF233B1B7512A2000B41B1 /* Sources */,
				8BCF233C1B7512A2000B41B1 /* Frameworks */,
				8BCF233D1B7512A2000B41B1 /* Resources */,
			);
			buildRules = (
			);
			dependencies = (
			);
			name = "Make Something Beautiful";
			productName = "Make Something Beautiful";
			productReference = 8BCF233F1B7512A2000B41B1 /* Make Something Beautiful.app */;
			productType = "com.apple.product-type.application";
		};
		8BCF23571B7512A2000B41B1 /* Make Something BeautifulTests */ = {
			isa = PBXNativeTarget;
			buildConfigurationList = 8BCF23651B7512A2000B41B1 /* Build configuration list for PBXNativeTarget "Make Something BeautifulTests" */;
			buildPhases = (
				8BCF23541B7512A2000B41B1 /* Sources */,
				8BCF23551B7512A2000B41B1 /* Frameworks */,
				8BCF23561B7512A2000B41B1 /* Resources */,
			);
			buildRules = (
			);
			dependencies = (
				8BCF235A1B7512A2000B41B1 /* PBXTargetDependency */,
			);
			name = "Make Something BeautifulTests";
			productName = "Make Something BeautifulTests";
			productReference = 8BCF23581B7512A2000B41B1 /* Make Something BeautifulTests.xctest */;
			productType = "com.apple.product-type.bundle.unit-test";
		};
/* End PBXNativeTarget section */

/* Begin PBXProject section */
		8BCF23371B7512A2000B41B1 /* Project object */ = {
			isa = PBXProject;
			attributes = {
				LastUpgradeCheck = 0640;
				ORGANIZATIONNAME = "The Iron Yard";
				TargetAttributes = {
					8BCF233E1B7512A2000B41B1 = {
						CreatedOnToolsVersion = 6.4;
					};
					8BCF23571B7512A2000B41B1 = {
						CreatedOnToolsVersion = 6.4;
						TestTargetID = 8BCF233E1B7512A2000B41B1;
					};
				};
			};
			buildConfigurationList = 8BCF233A1B7512A2000B41B1 /* Build configuration list for PBXProject "Make Something Beautiful" */;
			compatibilityVersion = "Xcode 3.2";
			developmentRegion = English;
			hasScannedForEncodings = 0;
			knownRegions = (
				en,
				Base,
			);
			mainGroup = 8BCF23361B7512A2000B41B1;
			productRefGroup = 8BCF23401B7512A2000B41B1 /* Products */;
			projectDirPath = "";
			projectRoot = "";
			targets = (
				8BCF233E1B7512A2000B41B1 /* Make Something Beautiful */,
				8BCF23571B7512A2000B41B1 /* Make Something BeautifulTests */,
			);
		};
/* End PBXProject section */

/* Begin PBXResourcesBuildPhase section */
		8BCF233D1B7512A2000B41B1 /* Resources */ = {
			isa = PBXResourcesBuildPhase;
			buildActionMask = 2147483647;
			files = (
				8BCF23531B7512A2000B41B1 /* LaunchScreen.xib in Resources */,
				8BCF23501B7512A2000B41B1 /* Images.xcassets in Resources */,
				8BCF23471B7512A2000B41B1 /* GameScene.sks in Resources */,
				8BCF234E1B7512A2000B41B1 /* Main.storyboard in Resources */,
			);
			runOnlyForDeploymentPostprocessing = 0;
		};
		8BCF23561B7512A2000B41B1 /* Resources */ = {
			isa = PBXResourcesBuildPhase;
			buildActionMask = 2147483647;
			files = (
			);
			runOnlyForDeploymentPostprocessing = 0;
		};
/* End PBXResourcesBuildPhase section */

/* Begin PBXSourcesBuildPhase section */
		8BCF233B1B7512A2000B41B1 /* Sources */ = {
			isa = PBXSourcesBuildPhase;
			buildActionMask = 2147483647;
			files = (
				8BCF23491B7512A2000B41B1 /* GameScene.swift in Sources */,
				8BCF234B1B7512A2000B41B1 /* GameViewController.swift in Sources */,
				8BCF23691B764156000B41B1 /* Score.swift in Sources */,
				8BCF23451B7512A2000B41B1 /* AppDelegate.swift in Sources */,
			);
			runOnlyForDeploymentPostprocessing = 0;
		};
		8BCF23541B7512A2000B41B1 /* Sources */ = {
			isa = PBXSourcesBuildPhase;
			buildActionMask = 2147483647;
			files = (
				8BCF235F1B7512A2000B41B1 /* Make_Something_BeautifulTests.swift in Sources */,
			);
			runOnlyForDeploymentPostprocessing = 0;
		};
/* End PBXSourcesBuildPhase section */

/* Begin PBXTargetDependency section */
		8BCF235A1B7512A2000B41B1 /* PBXTargetDependency */ = {
			isa = PBXTargetDependency;
			target = 8BCF233E1B7512A2000B41B1 /* Make Something Beautiful */;
			targetProxy = 8BCF23591B7512A2000B41B1 /* PBXContainerItemProxy */;
		};
/* End PBXTargetDependency section */

/* Begin PBXVariantGroup section */
		8BCF234C1B7512A2000B41B1 /* Main.storyboard */ = {
			isa = PBXVariantGroup;
			children = (
				8BCF234D1B7512A2000B41B1 /* Base */,
			);
			name = Main.storyboard;
			sourceTree = "<group>";
		};
		8BCF23511B7512A2000B41B1 /* LaunchScreen.xib */ = {
			isa = PBXVariantGroup;
			children = (
				8BCF23521B7512A2000B41B1 /* Base */,
			);
			name = LaunchScreen.xib;
			sourceTree = "<group>";
		};
/* End PBXVariantGroup section */

/* Begin XCBuildConfiguration section */
		8BCF23601B7512A2000B41B1 /* Debug */ = {
			isa = XCBuildConfiguration;
			buildSettings = {
				ALWAYS_SEARCH_USER_PATHS = NO;
				CLANG_CXX_LANGUAGE_STANDARD = "gnu++0x";
				CLANG_CXX_LIBRARY = "libc++";
				CLANG_ENABLE_MODULES = YES;
				CLANG_ENABLE_OBJC_ARC = YES;
				CLANG_WARN_BOOL_CONVERSION = YES;
				CLANG_WARN_CONSTANT_CONVERSION = YES;
				CLANG_WARN_DIRECT_OBJC_ISA_USAGE = YES_ERROR;
				CLANG_WARN_EMPTY_BODY = YES;
				CLANG_WARN_ENUM_CONVERSION = YES;
				CLANG_WARN_INT_CONVERSION = YES;
				CLANG_WARN_OBJC_ROOT_CLASS = YES_ERROR;
				CLANG_WARN_UNREACHABLE_CODE = YES;
				CLANG_WARN__DUPLICATE_METHOD_MATCH = YES;
				"CODE_SIGN_IDENTITY[sdk=iphoneos*]" = "iPhone Developer";
				COPY_PHASE_STRIP = NO;
				DEBUG_INFORMATION_FORMAT = "dwarf-with-dsym";
				ENABLE_STRICT_OBJC_MSGSEND = YES;
				GCC_C_LANGUAGE_STANDARD = gnu99;
				GCC_DYNAMIC_NO_PIC = NO;
				GCC_NO_COMMON_BLOCKS = YES;
				GCC_OPTIMIZATION_LEVEL = 0;
				GCC_PREPROCESSOR_DEFINITIONS = (
					"DEBUG=1",
					"$(inherited)",
				);
				GCC_SYMBOLS_PRIVATE_EXTERN = NO;
				GCC_WARN_64_TO_32_BIT_CONVERSION = YES;
				GCC_WARN_ABOUT_RETURN_TYPE = YES_ERROR;
				GCC_WARN_UNDECLARED_SELECTOR = YES;
				GCC_WARN_UNINITIALIZED_AUTOS = YES_AGGRESSIVE;
				GCC_WARN_UNUSED_FUNCTION = YES;
				GCC_WARN_UNUSED_VARIABLE = YES;
				IPHONEOS_DEPLOYMENT_TARGET = 8.4;
				MTL_ENABLE_DEBUG_INFO = YES;
				ONLY_ACTIVE_ARCH = YES;
				SDKROOT = iphoneos;
				SWIFT_OPTIMIZATION_LEVEL = "-Onone";
			};
			name = Debug;
		};
		8BCF23611B7512A2000B41B1 /* Release */ = {
			isa = XCBuildConfiguration;
			buildSettings = {
				ALWAYS_SEARCH_USER_PATHS = NO;
				CLANG_CXX_LANGUAGE_STANDARD = "gnu++0x";
				CLANG_CXX_LIBRARY = "libc++";
				CLANG_ENABLE_MODULES = YES;
				CLANG_ENABLE_OBJC_ARC = YES;
				CLANG_WARN_BOOL_CONVERSION = YES;
				CLANG_WARN_CONSTANT_CONVERSION = YES;
				CLANG_WARN_DIRECT_OBJC_ISA_USAGE = YES_ERROR;
				CLANG_WARN_EMPTY_BODY = YES;
				CLANG_WARN_ENUM_CONVERSION = YES;
				CLANG_WARN_INT_CONVERSION = YES;
				CLANG_WARN_OBJC_ROOT_CLASS = YES_ERROR;
				CLANG_WARN_UNREACHABLE_CODE = YES;
				CLANG_WARN__DUPLICATE_METHOD_MATCH = YES;
				"CODE_SIGN_IDENTITY[sdk=iphoneos*]" = "iPhone Developer";
				COPY_PHASE_STRIP = NO;
				DEBUG_INFORMATION_FORMAT = "dwarf-with-dsym";
				ENABLE_NS_ASSERTIONS = NO;
				ENABLE_STRICT_OBJC_MSGSEND = YES;
				GCC_C_LANGUAGE_STANDARD = gnu99;
				GCC_NO_COMMON_BLOCKS = YES;
				GCC_WARN_64_TO_32_BIT_CONVERSION = YES;
				GCC_WARN_ABOUT_RETURN_TYPE = YES_ERROR;
				GCC_WARN_UNDECLARED_SELECTOR = YES;
				GCC_WARN_UNINITIALIZED_AUTOS = YES_AGGRESSIVE;
				GCC_WARN_UNUSED_FUNCTION = YES;
				GCC_WARN_UNUSED_VARIABLE = YES;
				IPHONEOS_DEPLOYMENT_TARGET = 8.4;
				MTL_ENABLE_DEBUG_INFO = NO;
				SDKROOT = iphoneos;
				VALIDATE_PRODUCT = YES;
			};
			name = Release;
		};
		8BCF23631B7512A2000B41B1 /* Debug */ = {
			isa = XCBuildConfiguration;
			buildSettings = {
				ASSETCATALOG_COMPILER_APPICON_NAME = AppIcon;
				INFOPLIST_FILE = "Make Something Beautiful/Info.plist";
				LD_RUNPATH_SEARCH_PATHS = "$(inherited) @executable_path/Frameworks";
				PRODUCT_NAME = "$(TARGET_NAME)";
			};
			name = Debug;
		};
		8BCF23641B7512A2000B41B1 /* Release */ = {
			isa = XCBuildConfiguration;
			buildSettings = {
				ASSETCATALOG_COMPILER_APPICON_NAME = AppIcon;
				INFOPLIST_FILE = "Make Something Beautiful/Info.plist";
				LD_RUNPATH_SEARCH_PATHS = "$(inherited) @executable_path/Frameworks";
				PRODUCT_NAME = "$(TARGET_NAME)";
			};
			name = Release;
		};
		8BCF23661B7512A2000B41B1 /* Debug */ = {
			isa = XCBuildConfiguration;
			buildSettings = {
				BUNDLE_LOADER = "$(TEST_HOST)";
				FRAMEWORK_SEARCH_PATHS = (
					"$(SDKROOT)/Developer/Library/Frameworks",
					"$(inherited)",
				);
				GCC_PREPROCESSOR_DEFINITIONS = (
					"DEBUG=1",
					"$(inherited)",
				);
				INFOPLIST_FILE = "Make Something BeautifulTests/Info.plist";
				LD_RUNPATH_SEARCH_PATHS = "$(inherited) @executable_path/Frameworks @loader_path/Frameworks";
				PRODUCT_NAME = "$(TARGET_NAME)";
				TEST_HOST = "$(BUILT_PRODUCTS_DIR)/Make Something Beautiful.app/Make Something Beautiful";
			};
			name = Debug;
		};
		8BCF23671B7512A2000B41B1 /* Release */ = {
			isa = XCBuildConfiguration;
			buildSettings = {
				BUNDLE_LOADER = "$(TEST_HOST)";
				FRAMEWORK_SEARCH_PATHS = (
					"$(SDKROOT)/Developer/Library/Frameworks",
					"$(inherited)",
				);
				INFOPLIST_FILE = "Make Something BeautifulTests/Info.plist";
				LD_RUNPATH_SEARCH_PATHS = "$(inherited) @executable_path/Frameworks @loader_path/Frameworks";
				PRODUCT_NAME = "$(TARGET_NAME)";
				TEST_HOST = "$(BUILT_PRODUCTS_DIR)/Make Something Beautiful.app/Make Something Beautiful";
			};
			name = Release;
		};
/* End XCBuildConfiguration section */

/* Begin XCConfigurationList section */
		8BCF233A1B7512A2000B41B1 /* Build configuration list for PBXProject "Make Something Beautiful" */ = {
			isa = XCConfigurationList;
			buildConfigurations = (
				8BCF23601B7512A2000B41B1 /* Debug */,
				8BCF23611B7512A2000B41B1 /* Release */,
			);
			defaultConfigurationIsVisible = 0;
			defaultConfigurationName = Release;
		};
		8BCF23621B7512A2000B41B1 /* Build configuration list for PBXNativeTarget "Make Something Beautiful" */ = {
			isa = XCConfigurationList;
			buildConfigurations = (
				8BCF23631B7512A2000B41B1 /* Debug */,
				8BCF23641B7512A2000B41B1 /* Release */,
			);
			defaultConfigurationIsVisible = 0;
		};
		8BCF23651B7512A2000B41B1 /* Build configuration list for PBXNativeTarget "Make Something BeautifulTests" */ = {
			isa = XCConfigurationList;
			buildConfigurations = (
				8BCF23661B7512A2000B41B1 /* Debug */,
				8BCF23671B7512A2000B41B1 /* Release */,
			);
			defaultConfigurationIsVisible = 0;
		};
/* End XCConfigurationList section */
	};
	rootObject = 8BCF23371B7512A2000B41B1 /* Project object */;
}
